// !$*UTF8*$!
{
	archiveVersion = 1;
	classes = {
	};
	objectVersion = 46;
	objects = {

/* Begin PBXBuildFile section */
		1F0009F0D3EE43DAA5ADA3D4 /* libPods.a in Frameworks */ = {isa = PBXBuildFile; fileRef = 0475F20C2F224213B1CEE6DE /* libPods.a */; };
		481A3E5F14C392A10072246D /* Localizable.strings in Resources */ = {isa = PBXBuildFile; fileRef = 481A3E6114C392A10072246D /* Localizable.strings */; };
		481A3E6A14C39A900072246D /* AppDelegate.m in Sources */ = {isa = PBXBuildFile; fileRef = 481A3E6914C39A8F0072246D /* AppDelegate.m */; };
		481A3E8414C9BFB60072246D /* Extras.m in Sources */ = {isa = PBXBuildFile; fileRef = 481A3E8314C9BFB60072246D /* Extras.m */; };
		481AB02B14C1E64600C0B566 /* QuartzCore.framework in Frameworks */ = {isa = PBXBuildFile; fileRef = 481AB02A14C1E64600C0B566 /* QuartzCore.framework */; };
		485D8A0119914A2000BD344C /* NewRestaurantListHeader_iPad.xib in Resources */ = {isa = PBXBuildFile; fileRef = 485D89FF19914A2000BD344C /* NewRestaurantListHeader_iPad.xib */; };
		485D8A0219914A2000BD344C /* NewRestaurantListHeader_iPhone.xib in Resources */ = {isa = PBXBuildFile; fileRef = 485D8A0019914A2000BD344C /* NewRestaurantListHeader_iPhone.xib */; };
		485D8A051991756D00BD344C /* RestaurantDay.m in Sources */ = {isa = PBXBuildFile; fileRef = 485D8A041991756D00BD344C /* RestaurantDay.m */; };
		487A75C216BA0078008E5626 /* MessageUI.framework in Frameworks */ = {isa = PBXBuildFile; fileRef = 487A75C116BA0077008E5626 /* MessageUI.framework */; };
		487AA50D14C1BF13007C4CCF /* RestaurantCell_iPhone.xib in Resources */ = {isa = PBXBuildFile; fileRef = 487AA50C14C1BF13007C4CCF /* RestaurantCell_iPhone.xib */; };
		4886479319DA1B60001BD9E3 /* Images.xcassets in Resources */ = {isa = PBXBuildFile; fileRef = 4886479219DA1B60001BD9E3 /* Images.xcassets */; };
		488647A319DA1CCC001BD9E3 /* LaunchScreen.xib in Resources */ = {isa = PBXBuildFile; fileRef = 488647A219DA1CCC001BD9E3 /* LaunchScreen.xib */; };
		48BC544219913798009C4706 /* MaplantisClient.m in Sources */ = {isa = PBXBuildFile; fileRef = 48BC544119913798009C4706 /* MaplantisClient.m */; };
		48EB843416B8BFDD005540BD /* CoreData.framework in Frameworks */ = {isa = PBXBuildFile; fileRef = 48EB843316B8BFDD005540BD /* CoreData.framework */; };
		48EB874F16B95B92005540BD /* RestaurantListHeader_iPad.xib in Resources */ = {isa = PBXBuildFile; fileRef = 48EB874D16B95B92005540BD /* RestaurantListHeader_iPad.xib */; };
		48EB875016B95B92005540BD /* RestaurantListHeader_iPhone.xib in Resources */ = {isa = PBXBuildFile; fileRef = 48EB874E16B95B92005540BD /* RestaurantListHeader_iPhone.xib */; };
		48EB875216B963E9005540BD /* RestaurantCell_iPad.xib in Resources */ = {isa = PBXBuildFile; fileRef = 48EB875116B963E9005540BD /* RestaurantCell_iPad.xib */; };
		48F68122199E82A40009C75B /* RestaurantCluster.m in Sources */ = {isa = PBXBuildFile; fileRef = 48F68121199E82A40009C75B /* RestaurantCluster.m */; };
		DD2A538814C2D1F600456A92 /* InfoViewController.xib in Resources */ = {isa = PBXBuildFile; fileRef = DD2A538714C2D1F600456A92 /* InfoViewController.xib */; };
		DD2A538B14C2D22C00456A92 /* InfoViewController.m in Sources */ = {isa = PBXBuildFile; fileRef = DD2A538A14C2D22C00456A92 /* InfoViewController.m */; };
		DDC1C8FC14C480AE00D6740B /* restaurantDescription.css in Resources */ = {isa = PBXBuildFile; fileRef = DDC1C8FB14C480AE00D6740B /* restaurantDescription.css */; };
		DDC1C90214C5FB0000D6740B /* WebViewController.m in Sources */ = {isa = PBXBuildFile; fileRef = DDC1C90114C5FB0000D6740B /* WebViewController.m */; };
		DDC8461514C163150023ACDD /* UIKit.framework in Frameworks */ = {isa = PBXBuildFile; fileRef = DDC8461414C163150023ACDD /* UIKit.framework */; };
		DDC8461714C163150023ACDD /* Foundation.framework in Frameworks */ = {isa = PBXBuildFile; fileRef = DDC8461614C163150023ACDD /* Foundation.framework */; };
		DDC8461914C163150023ACDD /* CoreGraphics.framework in Frameworks */ = {isa = PBXBuildFile; fileRef = DDC8461814C163150023ACDD /* CoreGraphics.framework */; };
		DDC8462114C163150023ACDD /* main.m in Sources */ = {isa = PBXBuildFile; fileRef = DDC8462014C163150023ACDD /* main.m */; };
		DDC8466114C1648C0023ACDD /* ListViewController.m in Sources */ = {isa = PBXBuildFile; fileRef = DDC8465914C1648C0023ACDD /* ListViewController.m */; };
		DDC8466214C1648C0023ACDD /* MapViewController.m in Sources */ = {isa = PBXBuildFile; fileRef = DDC8465B14C1648C0023ACDD /* MapViewController.m */; };
		DDC8466414C1648C0023ACDD /* MapViewController.xib in Resources */ = {isa = PBXBuildFile; fileRef = DDC8466014C1648C0023ACDD /* MapViewController.xib */; };
		DDC8466714C164E70023ACDD /* Restaurant.m in Sources */ = {isa = PBXBuildFile; fileRef = DDC8466614C164E70023ACDD /* Restaurant.m */; };
		DDC8466914C1655D0023ACDD /* CoreLocation.framework in Frameworks */ = {isa = PBXBuildFile; fileRef = DDC8466814C1655C0023ACDD /* CoreLocation.framework */; };
		DDC8466E14C1711E0023ACDD /* MapKit.framework in Frameworks */ = {isa = PBXBuildFile; fileRef = DDC8466D14C1711E0023ACDD /* MapKit.framework */; };
		DDC846AC14C1816E0023ACDD /* CFNetwork.framework in Frameworks */ = {isa = PBXBuildFile; fileRef = DDC846AB14C1816E0023ACDD /* CFNetwork.framework */; };
		DDC846AE14C181720023ACDD /* SystemConfiguration.framework in Frameworks */ = {isa = PBXBuildFile; fileRef = DDC846AD14C181720023ACDD /* SystemConfiguration.framework */; };
		DDC846B014C1817C0023ACDD /* MobileCoreServices.framework in Frameworks */ = {isa = PBXBuildFile; fileRef = DDC846AF14C1817C0023ACDD /* MobileCoreServices.framework */; };
		DDC846B214C1818B0023ACDD /* libz.dylib in Frameworks */ = {isa = PBXBuildFile; fileRef = DDC846B114C1818B0023ACDD /* libz.dylib */; };
		DDC8470614C1AC8B0023ACDD /* RestaurantViewController.m in Sources */ = {isa = PBXBuildFile; fileRef = DDC8470514C1AC8B0023ACDD /* RestaurantViewController.m */; };
		DDC8470914C1AC9B0023ACDD /* RestaurantViewController.xib in Resources */ = {isa = PBXBuildFile; fileRef = DDC8470814C1AC9B0023ACDD /* RestaurantViewController.xib */; };
		DDF739B714C1CD6D0008ADEC /* RestaurantLocationViewController.m in Sources */ = {isa = PBXBuildFile; fileRef = DDF739B614C1CD6D0008ADEC /* RestaurantLocationViewController.m */; };
/* End PBXBuildFile section */

/* Begin PBXFileReference section */
		0475F20C2F224213B1CEE6DE /* libPods.a */ = {isa = PBXFileReference; explicitFileType = archive.ar; includeInIndex = 0; path = libPods.a; sourceTree = BUILT_PRODUCTS_DIR; };
		481A3E6014C392A10072246D /* en */ = {isa = PBXFileReference; lastKnownFileType = text.plist.strings; name = en; path = en.lproj/Localizable.strings; sourceTree = "<group>"; };
		481A3E6214C392D40072246D /* fi */ = {isa = PBXFileReference; lastKnownFileType = text.plist.strings; name = fi; path = fi.lproj/Localizable.strings; sourceTree = "<group>"; };
		481A3E6914C39A8F0072246D /* AppDelegate.m */ = {isa = PBXFileReference; fileEncoding = 4; lastKnownFileType = sourcecode.c.objc; path = AppDelegate.m; sourceTree = "<group>"; };
		481A3E8214C9BFB50072246D /* Extras.h */ = {isa = PBXFileReference; fileEncoding = 4; lastKnownFileType = sourcecode.c.h; name = Extras.h; path = Parsers/Extras.h; sourceTree = "<group>"; };
		481A3E8314C9BFB60072246D /* Extras.m */ = {isa = PBXFileReference; fileEncoding = 4; lastKnownFileType = sourcecode.c.objc; name = Extras.m; path = Parsers/Extras.m; sourceTree = "<group>"; };
		481AB02A14C1E64600C0B566 /* QuartzCore.framework */ = {isa = PBXFileReference; lastKnownFileType = wrapper.framework; name = QuartzCore.framework; path = System/Library/Frameworks/QuartzCore.framework; sourceTree = SDKROOT; };
		481AB09014C212F000C0B566 /* Definitions.h */ = {isa = PBXFileReference; fileEncoding = 4; lastKnownFileType = sourcecode.c.h; path = Definitions.h; sourceTree = "<group>"; };
		485D89FF19914A2000BD344C /* NewRestaurantListHeader_iPad.xib */ = {isa = PBXFileReference; fileEncoding = 4; lastKnownFileType = file.xib; name = NewRestaurantListHeader_iPad.xib; path = Views/NewRestaurantListHeader_iPad.xib; sourceTree = "<group>"; };
		485D8A0019914A2000BD344C /* NewRestaurantListHeader_iPhone.xib */ = {isa = PBXFileReference; fileEncoding = 4; lastKnownFileType = file.xib; name = NewRestaurantListHeader_iPhone.xib; path = Views/NewRestaurantListHeader_iPhone.xib; sourceTree = "<group>"; };
		485D8A031991756D00BD344C /* RestaurantDay.h */ = {isa = PBXFileReference; fileEncoding = 4; lastKnownFileType = sourcecode.c.h; path = RestaurantDay.h; sourceTree = "<group>"; };
		485D8A041991756D00BD344C /* RestaurantDay.m */ = {isa = PBXFileReference; fileEncoding = 4; lastKnownFileType = sourcecode.c.objc; path = RestaurantDay.m; sourceTree = "<group>"; };
		4874139C193D43760039B1E3 /* RestaurantDay-Bridging-Header.h */ = {isa = PBXFileReference; lastKnownFileType = sourcecode.c.h; path = "RestaurantDay-Bridging-Header.h"; sourceTree = "<group>"; };
		487A75B116B9D184008E5626 /* RestaurantsDataSource.h */ = {isa = PBXFileReference; lastKnownFileType = sourcecode.c.h; name = RestaurantsDataSource.h; path = Controllers/RestaurantsDataSource.h; sourceTree = "<group>"; };
		487A75C116BA0077008E5626 /* MessageUI.framework */ = {isa = PBXFileReference; lastKnownFileType = wrapper.framework; name = MessageUI.framework; path = System/Library/Frameworks/MessageUI.framework; sourceTree = SDKROOT; };
		487AA50C14C1BF13007C4CCF /* RestaurantCell_iPhone.xib */ = {isa = PBXFileReference; fileEncoding = 4; lastKnownFileType = file.xib; name = RestaurantCell_iPhone.xib; path = Views/RestaurantCell_iPhone.xib; sourceTree = "<group>"; };
		4886479219DA1B60001BD9E3 /* Images.xcassets */ = {isa = PBXFileReference; lastKnownFileType = folder.assetcatalog; name = Images.xcassets; path = Images/Images.xcassets; sourceTree = "<group>"; };
		488647A219DA1CCC001BD9E3 /* LaunchScreen.xib */ = {isa = PBXFileReference; fileEncoding = 4; lastKnownFileType = file.xib; path = LaunchScreen.xib; sourceTree = "<group>"; };
		48BC544019913798009C4706 /* MaplantisClient.h */ = {isa = PBXFileReference; fileEncoding = 4; lastKnownFileType = sourcecode.c.h; path = MaplantisClient.h; sourceTree = "<group>"; };
		48BC544119913798009C4706 /* MaplantisClient.m */ = {isa = PBXFileReference; fileEncoding = 4; lastKnownFileType = sourcecode.c.objc; path = MaplantisClient.m; sourceTree = "<group>"; };
		48EB843316B8BFDD005540BD /* CoreData.framework */ = {isa = PBXFileReference; lastKnownFileType = wrapper.framework; name = CoreData.framework; path = System/Library/Frameworks/CoreData.framework; sourceTree = SDKROOT; };
		48EB874D16B95B92005540BD /* RestaurantListHeader_iPad.xib */ = {isa = PBXFileReference; fileEncoding = 4; lastKnownFileType = file.xib; name = RestaurantListHeader_iPad.xib; path = Views/RestaurantListHeader_iPad.xib; sourceTree = "<group>"; };
		48EB874E16B95B92005540BD /* RestaurantListHeader_iPhone.xib */ = {isa = PBXFileReference; fileEncoding = 4; lastKnownFileType = file.xib; name = RestaurantListHeader_iPhone.xib; path = Views/RestaurantListHeader_iPhone.xib; sourceTree = "<group>"; };
		48EB875116B963E9005540BD /* RestaurantCell_iPad.xib */ = {isa = PBXFileReference; fileEncoding = 4; lastKnownFileType = file.xib; name = RestaurantCell_iPad.xib; path = Views/RestaurantCell_iPad.xib; sourceTree = "<group>"; };
		48F68120199E82A40009C75B /* RestaurantCluster.h */ = {isa = PBXFileReference; fileEncoding = 4; lastKnownFileType = sourcecode.c.h; path = RestaurantCluster.h; sourceTree = "<group>"; };
		48F68121199E82A40009C75B /* RestaurantCluster.m */ = {isa = PBXFileReference; fileEncoding = 4; lastKnownFileType = sourcecode.c.objc; path = RestaurantCluster.m; sourceTree = "<group>"; };
		48F6AB8015D195B8003EB26D /* RestaurantDay-Prefix.pch */ = {isa = PBXFileReference; fileEncoding = 4; lastKnownFileType = sourcecode.c.h; path = "RestaurantDay-Prefix.pch"; sourceTree = "<group>"; };
		8ED3791D91CE40A68A898A81 /* Pods.xcconfig */ = {isa = PBXFileReference; includeInIndex = 1; lastKnownFileType = text.xcconfig; name = Pods.xcconfig; path = Pods/Pods.xcconfig; sourceTree = "<group>"; };
		DD2A538714C2D1F600456A92 /* InfoViewController.xib */ = {isa = PBXFileReference; fileEncoding = 4; lastKnownFileType = file.xib; name = InfoViewController.xib; path = Views/InfoViewController.xib; sourceTree = "<group>"; };
		DD2A538914C2D22C00456A92 /* InfoViewController.h */ = {isa = PBXFileReference; fileEncoding = 4; lastKnownFileType = sourcecode.c.h; path = InfoViewController.h; sourceTree = "<group>"; };
		DD2A538A14C2D22C00456A92 /* InfoViewController.m */ = {isa = PBXFileReference; fileEncoding = 4; lastKnownFileType = sourcecode.c.objc; path = InfoViewController.m; sourceTree = "<group>"; };
		DDC1C8FB14C480AE00D6740B /* restaurantDescription.css */ = {isa = PBXFileReference; fileEncoding = 4; lastKnownFileType = text.css; path = restaurantDescription.css; sourceTree = "<group>"; };
		DDC1C90014C5FB0000D6740B /* WebViewController.h */ = {isa = PBXFileReference; fileEncoding = 4; lastKnownFileType = sourcecode.c.h; path = WebViewController.h; sourceTree = "<group>"; };
		DDC1C90114C5FB0000D6740B /* WebViewController.m */ = {isa = PBXFileReference; fileEncoding = 4; lastKnownFileType = sourcecode.c.objc; path = WebViewController.m; sourceTree = "<group>"; };
		DDC8461014C163150023ACDD /* RestaurantDay.app */ = {isa = PBXFileReference; explicitFileType = wrapper.application; includeInIndex = 0; path = RestaurantDay.app; sourceTree = BUILT_PRODUCTS_DIR; };
		DDC8461414C163150023ACDD /* UIKit.framework */ = {isa = PBXFileReference; lastKnownFileType = wrapper.framework; name = UIKit.framework; path = System/Library/Frameworks/UIKit.framework; sourceTree = SDKROOT; };
		DDC8461614C163150023ACDD /* Foundation.framework */ = {isa = PBXFileReference; lastKnownFileType = wrapper.framework; name = Foundation.framework; path = System/Library/Frameworks/Foundation.framework; sourceTree = SDKROOT; };
		DDC8461814C163150023ACDD /* CoreGraphics.framework */ = {isa = PBXFileReference; lastKnownFileType = wrapper.framework; name = CoreGraphics.framework; path = System/Library/Frameworks/CoreGraphics.framework; sourceTree = SDKROOT; };
		DDC8461C14C163150023ACDD /* RestaurantDay-Info.plist */ = {isa = PBXFileReference; lastKnownFileType = text.plist.xml; path = "RestaurantDay-Info.plist"; sourceTree = "<group>"; };
		DDC8462014C163150023ACDD /* main.m */ = {isa = PBXFileReference; lastKnownFileType = sourcecode.c.objc; lineEnding = 0; path = main.m; sourceTree = "<group>"; xcLanguageSpecificationIdentifier = xcode.lang.objc; };
		DDC8462314C163150023ACDD /* AppDelegate.h */ = {isa = PBXFileReference; lastKnownFileType = sourcecode.c.h; path = AppDelegate.h; sourceTree = "<group>"; };
		DDC8464014C163150023ACDD /* SenTestingKit.framework */ = {isa = PBXFileReference; lastKnownFileType = wrapper.framework; name = SenTestingKit.framework; path = Library/Frameworks/SenTestingKit.framework; sourceTree = DEVELOPER_DIR; };
		DDC8465814C1648C0023ACDD /* ListViewController.h */ = {isa = PBXFileReference; fileEncoding = 4; lastKnownFileType = sourcecode.c.h; path = ListViewController.h; sourceTree = "<group>"; };
		DDC8465914C1648C0023ACDD /* ListViewController.m */ = {isa = PBXFileReference; fileEncoding = 4; lastKnownFileType = sourcecode.c.objc; lineEnding = 0; path = ListViewController.m; sourceTree = "<group>"; xcLanguageSpecificationIdentifier = xcode.lang.objc; };
		DDC8465A14C1648C0023ACDD /* MapViewController.h */ = {isa = PBXFileReference; fileEncoding = 4; lastKnownFileType = sourcecode.c.h; path = MapViewController.h; sourceTree = "<group>"; };
		DDC8465B14C1648C0023ACDD /* MapViewController.m */ = {isa = PBXFileReference; fileEncoding = 4; lastKnownFileType = sourcecode.c.objc; path = MapViewController.m; sourceTree = "<group>"; };
		DDC8466014C1648C0023ACDD /* MapViewController.xib */ = {isa = PBXFileReference; fileEncoding = 4; lastKnownFileType = file.xib; name = MapViewController.xib; path = Views/MapViewController.xib; sourceTree = "<group>"; };
		DDC8466514C164E70023ACDD /* Restaurant.h */ = {isa = PBXFileReference; fileEncoding = 4; lastKnownFileType = sourcecode.c.h; path = Restaurant.h; sourceTree = "<group>"; };
		DDC8466614C164E70023ACDD /* Restaurant.m */ = {isa = PBXFileReference; fileEncoding = 4; lastKnownFileType = sourcecode.c.objc; path = Restaurant.m; sourceTree = "<group>"; };
		DDC8466814C1655C0023ACDD /* CoreLocation.framework */ = {isa = PBXFileReference; lastKnownFileType = wrapper.framework; name = CoreLocation.framework; path = System/Library/Frameworks/CoreLocation.framework; sourceTree = SDKROOT; };
		DDC8466D14C1711E0023ACDD /* MapKit.framework */ = {isa = PBXFileReference; lastKnownFileType = wrapper.framework; name = MapKit.framework; path = System/Library/Frameworks/MapKit.framework; sourceTree = SDKROOT; };
		DDC846AB14C1816E0023ACDD /* CFNetwork.framework */ = {isa = PBXFileReference; lastKnownFileType = wrapper.framework; name = CFNetwork.framework; path = System/Library/Frameworks/CFNetwork.framework; sourceTree = SDKROOT; };
		DDC846AD14C181720023ACDD /* SystemConfiguration.framework */ = {isa = PBXFileReference; lastKnownFileType = wrapper.framework; name = SystemConfiguration.framework; path = System/Library/Frameworks/SystemConfiguration.framework; sourceTree = SDKROOT; };
		DDC846AF14C1817C0023ACDD /* MobileCoreServices.framework */ = {isa = PBXFileReference; lastKnownFileType = wrapper.framework; name = MobileCoreServices.framework; path = System/Library/Frameworks/MobileCoreServices.framework; sourceTree = SDKROOT; };
		DDC846B114C1818B0023ACDD /* libz.dylib */ = {isa = PBXFileReference; lastKnownFileType = "compiled.mach-o.dylib"; name = libz.dylib; path = usr/lib/libz.dylib; sourceTree = SDKROOT; };
		DDC8470414C1AC8B0023ACDD /* RestaurantViewController.h */ = {isa = PBXFileReference; fileEncoding = 4; lastKnownFileType = sourcecode.c.h; path = RestaurantViewController.h; sourceTree = "<group>"; };
		DDC8470514C1AC8B0023ACDD /* RestaurantViewController.m */ = {isa = PBXFileReference; fileEncoding = 4; lastKnownFileType = sourcecode.c.objc; lineEnding = 0; path = RestaurantViewController.m; sourceTree = "<group>"; xcLanguageSpecificationIdentifier = xcode.lang.objc; };
		DDC8470814C1AC9B0023ACDD /* RestaurantViewController.xib */ = {isa = PBXFileReference; fileEncoding = 4; lastKnownFileType = file.xib; name = RestaurantViewController.xib; path = Views/RestaurantViewController.xib; sourceTree = "<group>"; };
		DDF739B514C1CD6D0008ADEC /* RestaurantLocationViewController.h */ = {isa = PBXFileReference; fileEncoding = 4; lastKnownFileType = sourcecode.c.h; path = RestaurantLocationViewController.h; sourceTree = "<group>"; };
		DDF739B614C1CD6D0008ADEC /* RestaurantLocationViewController.m */ = {isa = PBXFileReference; fileEncoding = 4; lastKnownFileType = sourcecode.c.objc; path = RestaurantLocationViewController.m; sourceTree = "<group>"; };
/* End PBXFileReference section */

/* Begin PBXFrameworksBuildPhase section */
		DDC8460D14C163150023ACDD /* Frameworks */ = {
			isa = PBXFrameworksBuildPhase;
			buildActionMask = 2147483647;
			files = (
				DDC8461714C163150023ACDD /* Foundation.framework in Frameworks */,
				DDC8461514C163150023ACDD /* UIKit.framework in Frameworks */,
				DDC846AC14C1816E0023ACDD /* CFNetwork.framework in Frameworks */,
				DDC8461914C163150023ACDD /* CoreGraphics.framework in Frameworks */,
				48EB843416B8BFDD005540BD /* CoreData.framework in Frameworks */,
				DDC8466914C1655D0023ACDD /* CoreLocation.framework in Frameworks */,
				DDC8466E14C1711E0023ACDD /* MapKit.framework in Frameworks */,
				487A75C216BA0078008E5626 /* MessageUI.framework in Frameworks */,
				DDC846B014C1817C0023ACDD /* MobileCoreServices.framework in Frameworks */,
				481AB02B14C1E64600C0B566 /* QuartzCore.framework in Frameworks */,
				DDC846AE14C181720023ACDD /* SystemConfiguration.framework in Frameworks */,
				DDC846B214C1818B0023ACDD /* libz.dylib in Frameworks */,
				1F0009F0D3EE43DAA5ADA3D4 /* libPods.a in Frameworks */,
			);
			runOnlyForDeploymentPostprocessing = 0;
		};
/* End PBXFrameworksBuildPhase section */

/* Begin PBXGroup section */
		4847EA851927A7D5000C3865 /* XIBs */ = {
			isa = PBXGroup;
			children = (
				DDC8466014C1648C0023ACDD /* MapViewController.xib */,
				DD2A538714C2D1F600456A92 /* InfoViewController.xib */,
				DDC8470814C1AC9B0023ACDD /* RestaurantViewController.xib */,
				485D89FF19914A2000BD344C /* NewRestaurantListHeader_iPad.xib */,
				485D8A0019914A2000BD344C /* NewRestaurantListHeader_iPhone.xib */,
				48EB875116B963E9005540BD /* RestaurantCell_iPad.xib */,
				487AA50C14C1BF13007C4CCF /* RestaurantCell_iPhone.xib */,
				48EB874D16B95B92005540BD /* RestaurantListHeader_iPad.xib */,
				48EB874E16B95B92005540BD /* RestaurantListHeader_iPhone.xib */,
			);
			name = XIBs;
			sourceTree = "<group>";
		};
		DDC8460514C163150023ACDD = {
			isa = PBXGroup;
			children = (
				DDC8461A14C163150023ACDD /* RestaurantDay */,
				DDC8461314C163150023ACDD /* Frameworks */,
				DDC8461114C163150023ACDD /* Products */,
				8ED3791D91CE40A68A898A81 /* Pods.xcconfig */,
			);
			sourceTree = "<group>";
		};
		DDC8461114C163150023ACDD /* Products */ = {
			isa = PBXGroup;
			children = (
				DDC8461014C163150023ACDD /* RestaurantDay.app */,
			);
			name = Products;
			sourceTree = "<group>";
		};
		DDC8461314C163150023ACDD /* Frameworks */ = {
			isa = PBXGroup;
			children = (
				DDC846AB14C1816E0023ACDD /* CFNetwork.framework */,
				48EB843316B8BFDD005540BD /* CoreData.framework */,
				DDC8461814C163150023ACDD /* CoreGraphics.framework */,
				DDC8466814C1655C0023ACDD /* CoreLocation.framework */,
				DDC8461614C163150023ACDD /* Foundation.framework */,
				DDC8466D14C1711E0023ACDD /* MapKit.framework */,
				487A75C116BA0077008E5626 /* MessageUI.framework */,
				DDC846AF14C1817C0023ACDD /* MobileCoreServices.framework */,
				481AB02A14C1E64600C0B566 /* QuartzCore.framework */,
				DDC8464014C163150023ACDD /* SenTestingKit.framework */,
				DDC846AD14C181720023ACDD /* SystemConfiguration.framework */,
				DDC8461414C163150023ACDD /* UIKit.framework */,
				DDC846B114C1818B0023ACDD /* libz.dylib */,
				0475F20C2F224213B1CEE6DE /* libPods.a */,
			);
			name = Frameworks;
			sourceTree = "<group>";
		};
		DDC8461A14C163150023ACDD /* RestaurantDay */ = {
			isa = PBXGroup;
			children = (
				DDC8462314C163150023ACDD /* AppDelegate.h */,
				481A3E6914C39A8F0072246D /* AppDelegate.m */,
				487A75B116B9D184008E5626 /* RestaurantsDataSource.h */,
				481A3E8214C9BFB50072246D /* Extras.h */,
				481A3E8314C9BFB60072246D /* Extras.m */,
				DDC8465C14C1648C0023ACDD /* DataProviders */,
				DDC8465D14C1648C0023ACDD /* Models */,
				DDC8465714C1648C0023ACDD /* Controllers */,
				4847EA851927A7D5000C3865 /* XIBs */,
				DDC8461B14C163150023ACDD /* Supporting Files */,
				4874139C193D43760039B1E3 /* RestaurantDay-Bridging-Header.h */,
			);
			path = RestaurantDay;
			sourceTree = "<group>";
		};
		DDC8461B14C163150023ACDD /* Supporting Files */ = {
			isa = PBXGroup;
			children = (
				481A3E6114C392A10072246D /* Localizable.strings */,
				4886479219DA1B60001BD9E3 /* Images.xcassets */,
				488647A219DA1CCC001BD9E3 /* LaunchScreen.xib */,
				DDC8461C14C163150023ACDD /* RestaurantDay-Info.plist */,
				48F6AB8015D195B8003EB26D /* RestaurantDay-Prefix.pch */,
				DDC8462014C163150023ACDD /* main.m */,
				481AB09014C212F000C0B566 /* Definitions.h */,
				DDC1C8FB14C480AE00D6740B /* restaurantDescription.css */,
			);
			name = "Supporting Files";
			sourceTree = "<group>";
		};
		DDC8465714C1648C0023ACDD /* Controllers */ = {
			isa = PBXGroup;
			children = (
				DD2A538914C2D22C00456A92 /* InfoViewController.h */,
				DD2A538A14C2D22C00456A92 /* InfoViewController.m */,
				DDC8465814C1648C0023ACDD /* ListViewController.h */,
				DDC8465914C1648C0023ACDD /* ListViewController.m */,
				DDC8465A14C1648C0023ACDD /* MapViewController.h */,
				DDC8465B14C1648C0023ACDD /* MapViewController.m */,
				DDF739B514C1CD6D0008ADEC /* RestaurantLocationViewController.h */,
				DDF739B614C1CD6D0008ADEC /* RestaurantLocationViewController.m */,
				DDC8470414C1AC8B0023ACDD /* RestaurantViewController.h */,
				DDC8470514C1AC8B0023ACDD /* RestaurantViewController.m */,
				DDC1C90014C5FB0000D6740B /* WebViewController.h */,
				DDC1C90114C5FB0000D6740B /* WebViewController.m */,
			);
			path = Controllers;
			sourceTree = "<group>";
		};
		DDC8465C14C1648C0023ACDD /* DataProviders */ = {
			isa = PBXGroup;
			children = (
				48BC544019913798009C4706 /* MaplantisClient.h */,
				48BC544119913798009C4706 /* MaplantisClient.m */,
			);
			path = DataProviders;
			sourceTree = "<group>";
		};
		DDC8465D14C1648C0023ACDD /* Models */ = {
			isa = PBXGroup;
			children = (
				DDC8466514C164E70023ACDD /* Restaurant.h */,
				DDC8466614C164E70023ACDD /* Restaurant.m */,
				48F68120199E82A40009C75B /* RestaurantCluster.h */,
				48F68121199E82A40009C75B /* RestaurantCluster.m */,
				485D8A031991756D00BD344C /* RestaurantDay.h */,
				485D8A041991756D00BD344C /* RestaurantDay.m */,
			);
			path = Models;
			sourceTree = "<group>";
		};
/* End PBXGroup section */

/* Begin PBXNativeTarget section */
		DDC8460F14C163150023ACDD /* RestaurantDay */ = {
			isa = PBXNativeTarget;
			buildConfigurationList = DDC8465114C163150023ACDD /* Build configuration list for PBXNativeTarget "RestaurantDay" */;
			buildPhases = (
				8D94CD2C6B304009BEE63040 /* Check Pods Manifest.lock */,
				DDC8460C14C163150023ACDD /* Sources */,
				DDC8460D14C163150023ACDD /* Frameworks */,
				DDC8460E14C163150023ACDD /* Resources */,
				F5BEAFB9D17448FD9EB9610E /* Copy Pods Resources */,
				482FD3F619A8811E00DDC0EA /* ShellScript */,
			);
			buildRules = (
			);
			dependencies = (
			);
			name = RestaurantDay;
			productName = RestaurantDay;
			productReference = DDC8461014C163150023ACDD /* RestaurantDay.app */;
			productType = "com.apple.product-type.application";
		};
/* End PBXNativeTarget section */

/* Begin PBXProject section */
		DDC8460714C163150023ACDD /* Project object */ = {
			isa = PBXProject;
			attributes = {
				LastTestingUpgradeCheck = 0510;
				LastUpgradeCheck = 0600;
				ORGANIZATIONNAME = "-";
			};
			buildConfigurationList = DDC8460A14C163150023ACDD /* Build configuration list for PBXProject "RestaurantDay" */;
			compatibilityVersion = "Xcode 3.2";
			developmentRegion = English;
			hasScannedForEncodings = 0;
			knownRegions = (
				en,
				fi,
			);
			mainGroup = DDC8460514C163150023ACDD;
			productRefGroup = DDC8461114C163150023ACDD /* Products */;
			projectDirPath = "";
			projectRoot = "";
			targets = (
				DDC8460F14C163150023ACDD /* RestaurantDay */,
			);
		};
/* End PBXProject section */

/* Begin PBXResourcesBuildPhase section */
		DDC8460E14C163150023ACDD /* Resources */ = {
			isa = PBXResourcesBuildPhase;
			buildActionMask = 2147483647;
			files = (
				DDC8466414C1648C0023ACDD /* MapViewController.xib in Resources */,
				487AA50D14C1BF13007C4CCF /* RestaurantCell_iPhone.xib in Resources */,
				DDC8470914C1AC9B0023ACDD /* RestaurantViewController.xib in Resources */,
				485D8A0119914A2000BD344C /* NewRestaurantListHeader_iPad.xib in Resources */,
				DD2A538814C2D1F600456A92 /* InfoViewController.xib in Resources */,
				481A3E5F14C392A10072246D /* Localizable.strings in Resources */,
				485D8A0219914A2000BD344C /* NewRestaurantListHeader_iPhone.xib in Resources */,
				DDC1C8FC14C480AE00D6740B /* restaurantDescription.css in Resources */,
				4886479319DA1B60001BD9E3 /* Images.xcassets in Resources */,
				488647A319DA1CCC001BD9E3 /* LaunchScreen.xib in Resources */,
				48EB874F16B95B92005540BD /* RestaurantListHeader_iPad.xib in Resources */,
				48EB875016B95B92005540BD /* RestaurantListHeader_iPhone.xib in Resources */,
				48EB875216B963E9005540BD /* RestaurantCell_iPad.xib in Resources */,
			);
			runOnlyForDeploymentPostprocessing = 0;
		};
/* End PBXResourcesBuildPhase section */

/* Begin PBXShellScriptBuildPhase section */
		482FD3F619A8811E00DDC0EA /* ShellScript */ = {
			isa = PBXShellScriptBuildPhase;
			buildActionMask = 2147483647;
			files = (
			);
			inputPaths = (
			);
			outputPaths = (
			);
			runOnlyForDeploymentPostprocessing = 0;
			shellPath = /bin/sh;
			shellScript = "./Crashlytics.framework/run 79e3d6b88a2384bac40ffee7eb8c847bb6121da2 acca05f471767219fa9065be97480ceb51d6c66d3cb97e58e0a5955cd3d15b1b";
		};
		8D94CD2C6B304009BEE63040 /* Check Pods Manifest.lock */ = {
			isa = PBXShellScriptBuildPhase;
			buildActionMask = 2147483647;
			files = (
			);
			inputPaths = (
			);
			name = "Check Pods Manifest.lock";
			outputPaths = (
			);
			runOnlyForDeploymentPostprocessing = 0;
			shellPath = /bin/sh;
			shellScript = "diff \"${PODS_ROOT}/../Podfile.lock\" \"${PODS_ROOT}/Manifest.lock\" > /dev/null\nif [[ $? != 0 ]] ; then\n    cat << EOM\nerror: The sandbox is not in sync with the Podfile.lock. Run 'pod install' or update your CocoaPods installation.\nEOM\n    exit 1\nfi\n";
			showEnvVarsInLog = 0;
		};
		F5BEAFB9D17448FD9EB9610E /* Copy Pods Resources */ = {
			isa = PBXShellScriptBuildPhase;
			buildActionMask = 2147483647;
			files = (
			);
			inputPaths = (
			);
			name = "Copy Pods Resources";
			outputPaths = (
			);
			runOnlyForDeploymentPostprocessing = 0;
			shellPath = /bin/sh;
			shellScript = "\"${SRCROOT}/Pods/Pods-resources.sh\"\n";
			showEnvVarsInLog = 0;
		};
/* End PBXShellScriptBuildPhase section */

/* Begin PBXSourcesBuildPhase section */
		DDC8460C14C163150023ACDD /* Sources */ = {
			isa = PBXSourcesBuildPhase;
			buildActionMask = 2147483647;
			files = (
				48BC544219913798009C4706 /* MaplantisClient.m in Sources */,
				DDC8462114C163150023ACDD /* main.m in Sources */,
				DDC8466114C1648C0023ACDD /* ListViewController.m in Sources */,
				DDC8466214C1648C0023ACDD /* MapViewController.m in Sources */,
				DDC8466714C164E70023ACDD /* Restaurant.m in Sources */,
				DDC8470614C1AC8B0023ACDD /* RestaurantViewController.m in Sources */,
				DDF739B714C1CD6D0008ADEC /* RestaurantLocationViewController.m in Sources */,
				DD2A538B14C2D22C00456A92 /* InfoViewController.m in Sources */,
				485D8A051991756D00BD344C /* RestaurantDay.m in Sources */,
				481A3E6A14C39A900072246D /* AppDelegate.m in Sources */,
				DDC1C90214C5FB0000D6740B /* WebViewController.m in Sources */,
				48F68122199E82A40009C75B /* RestaurantCluster.m in Sources */,
				481A3E8414C9BFB60072246D /* Extras.m in Sources */,
			);
			runOnlyForDeploymentPostprocessing = 0;
		};
/* End PBXSourcesBuildPhase section */

/* Begin PBXVariantGroup section */
		481A3E6114C392A10072246D /* Localizable.strings */ = {
			isa = PBXVariantGroup;
			children = (
				481A3E6014C392A10072246D /* en */,
				481A3E6214C392D40072246D /* fi */,
			);
			name = Localizable.strings;
			sourceTree = "<group>";
		};
/* End PBXVariantGroup section */

/* Begin XCBuildConfiguration section */
		DDC8464F14C163150023ACDD /* Debug */ = {
			isa = XCBuildConfiguration;
			buildSettings = {
				ALWAYS_SEARCH_USER_PATHS = NO;
				CLANG_ENABLE_OBJC_ARC = YES;
				CLANG_WARN_BOOL_CONVERSION = YES;
				CLANG_WARN_CONSTANT_CONVERSION = YES;
				CLANG_WARN_EMPTY_BODY = YES;
				CLANG_WARN_ENUM_CONVERSION = YES;
				CLANG_WARN_INT_CONVERSION = YES;
				CLANG_WARN_UNREACHABLE_CODE = YES;
				CLANG_WARN__DUPLICATE_METHOD_MATCH = YES;
				CODE_SIGN_IDENTITY = "iPhone Developer";
				COPY_PHASE_STRIP = NO;
				ENABLE_STRICT_OBJC_MSGSEND = YES;
				GCC_C_LANGUAGE_STANDARD = gnu99;
				GCC_DYNAMIC_NO_PIC = NO;
				GCC_OPTIMIZATION_LEVEL = 0;
				GCC_PREPROCESSOR_DEFINITIONS = (
					"DEBUG=1",
					"$(inherited)",
				);
				GCC_SYMBOLS_PRIVATE_EXTERN = NO;
				GCC_THUMB_SUPPORT = NO;
				GCC_VERSION = com.apple.compilers.llvm.clang.1_0;
				GCC_WARN_64_TO_32_BIT_CONVERSION = YES;
				GCC_WARN_ABOUT_MISSING_PROTOTYPES = YES;
				GCC_WARN_ABOUT_RETURN_TYPE = YES;
				GCC_WARN_UNDECLARED_SELECTOR = YES;
				GCC_WARN_UNINITIALIZED_AUTOS = YES;
				GCC_WARN_UNUSED_FUNCTION = YES;
				GCC_WARN_UNUSED_VARIABLE = YES;
				IPHONEOS_DEPLOYMENT_TARGET = 7.0;
				ONLY_ACTIVE_ARCH = YES;
				PROVISIONING_PROFILE = "";
				SDKROOT = iphoneos;
			};
			name = Debug;
		};
		DDC8465014C163150023ACDD /* Release */ = {
			isa = XCBuildConfiguration;
			buildSettings = {
				ALWAYS_SEARCH_USER_PATHS = NO;
				CLANG_ENABLE_OBJC_ARC = YES;
				CLANG_WARN_BOOL_CONVERSION = YES;
				CLANG_WARN_CONSTANT_CONVERSION = YES;
				CLANG_WARN_EMPTY_BODY = YES;
				CLANG_WARN_ENUM_CONVERSION = YES;
				CLANG_WARN_INT_CONVERSION = YES;
				CLANG_WARN_UNREACHABLE_CODE = YES;
				CLANG_WARN__DUPLICATE_METHOD_MATCH = YES;
				CODE_SIGN_IDENTITY = "iPhone Distribution";
				COPY_PHASE_STRIP = YES;
				ENABLE_STRICT_OBJC_MSGSEND = YES;
				GCC_C_LANGUAGE_STANDARD = gnu99;
				GCC_THUMB_SUPPORT = NO;
				GCC_VERSION = com.apple.compilers.llvm.clang.1_0;
				GCC_WARN_64_TO_32_BIT_CONVERSION = YES;
				GCC_WARN_ABOUT_MISSING_PROTOTYPES = YES;
				GCC_WARN_ABOUT_RETURN_TYPE = YES;
				GCC_WARN_UNDECLARED_SELECTOR = YES;
				GCC_WARN_UNINITIALIZED_AUTOS = YES;
				GCC_WARN_UNUSED_FUNCTION = YES;
				GCC_WARN_UNUSED_VARIABLE = YES;
				IPHONEOS_DEPLOYMENT_TARGET = 7.0;
				OTHER_CFLAGS = "-DNS_BLOCK_ASSERTIONS=1";
				PROVISIONING_PROFILE = "";
				SDKROOT = iphoneos;
				VALIDATE_PRODUCT = YES;
			};
			name = Release;
		};
		DDC8465214C163150023ACDD /* Debug */ = {
			isa = XCBuildConfiguration;
			baseConfigurationReference = 8ED3791D91CE40A68A898A81 /* Pods.xcconfig */;
			buildSettings = {
				ASSETCATALOG_COMPILER_APPICON_NAME = AppIcon;
				ASSETCATALOG_COMPILER_LAUNCHIMAGE_NAME = LaunchImage;
				CLANG_ENABLE_MODULES = YES;
				GCC_PRECOMPILE_PREFIX_HEADER = YES;
				GCC_PREFIX_HEADER = "RestaurantDay/RestaurantDay-Prefix.pch";
				GCC_THUMB_SUPPORT = NO;
				INFOPLIST_FILE = "RestaurantDay/RestaurantDay-Info.plist";
				IPHONEOS_DEPLOYMENT_TARGET = 6.1;
				LD_RUNPATH_SEARCH_PATHS = "$(inherited) @executable_path/Frameworks";
				PRODUCT_NAME = RestaurantDay;
				SWIFT_OBJC_BRIDGING_HEADER = "RestaurantDay/RestaurantDay-Bridging-Header.h";
				SWIFT_OPTIMIZATION_LEVEL = "-Onone";
				TARGETED_DEVICE_FAMILY = "1,2";
				WRAPPER_EXTENSION = app;
			};
			name = Debug;
		};
		DDC8465314C163150023ACDD /* Release */ = {
			isa = XCBuildConfiguration;
			baseConfigurationReference = 8ED3791D91CE40A68A898A81 /* Pods.xcconfig */;
			buildSettings = {
				ASSETCATALOG_COMPILER_APPICON_NAME = AppIcon;
				ASSETCATALOG_COMPILER_LAUNCHIMAGE_NAME = LaunchImage;
				CLANG_ENABLE_MODULES = YES;
				"COPY_PHASE_STRIP[sdk=*]" = YES;
				GCC_PRECOMPILE_PREFIX_HEADER = YES;
				GCC_PREFIX_HEADER = "RestaurantDay/RestaurantDay-Prefix.pch";
				GCC_THUMB_SUPPORT = NO;
				INFOPLIST_FILE = "RestaurantDay/RestaurantDay-Info.plist";
				IPHONEOS_DEPLOYMENT_TARGET = 6.1;
				LD_RUNPATH_SEARCH_PATHS = "$(inherited) @executable_path/Frameworks";
				PRODUCT_NAME = RestaurantDay;
				SWIFT_OBJC_BRIDGING_HEADER = "RestaurantDay/RestaurantDay-Bridging-Header.h";
				TARGETED_DEVICE_FAMILY = "1,2";
				WRAPPER_EXTENSION = app;
			};
			name = Release;
		};
/* End XCBuildConfiguration section */

/* Begin XCConfigurationList section */
		DDC8460A14C163150023ACDD /* Build configuration list for PBXProject "RestaurantDay" */ = {
			isa = XCConfigurationList;
			buildConfigurations = (
				DDC8464F14C163150023ACDD /* Debug */,
				DDC8465014C163150023ACDD /* Release */,
			);
			defaultConfigurationIsVisible = 0;
			defaultConfigurationName = Release;
		};
		DDC8465114C163150023ACDD /* Build configuration list for PBXNativeTarget "RestaurantDay" */ = {
			isa = XCConfigurationList;
			buildConfigurations = (
				DDC8465214C163150023ACDD /* Debug */,
				DDC8465314C163150023ACDD /* Release */,
			);
			defaultConfigurationIsVisible = 0;
			defaultConfigurationName = Release;
		};
/* End XCConfigurationList section */
	};
	rootObject = DDC8460714C163150023ACDD /* Project object */;
}
