// !$*UTF8*$!
{
	archiveVersion = 1;
	classes = {
	};
	objectVersion = 46;
	objects = {

/* Begin PBXBuildFile section */
		1F0009F0D3EE43DAA5ADA3D4 /* libPods.a in Frameworks */ = {isa = PBXBuildFile; fileRef = 0475F20C2F224213B1CEE6DE /* libPods.a */; };
		4803187916AAF103003C9EE4 /* Default-568h@2x.png in Resources */ = {isa = PBXBuildFile; fileRef = 4803187816AAF103003C9EE4 /* Default-568h@2x.png */; };
		481A3E4614C23E0C0072246D /* icon-locate.png in Resources */ = {isa = PBXBuildFile; fileRef = 481A3E4414C23E0C0072246D /* icon-locate.png */; };
		481A3E4714C23E0C0072246D /* icon-locate@2x.png in Resources */ = {isa = PBXBuildFile; fileRef = 481A3E4514C23E0C0072246D /* icon-locate@2x.png */; };
		481A3E4D14C240960072246D /* icon-star-full.png in Resources */ = {isa = PBXBuildFile; fileRef = 481A3E4914C240960072246D /* icon-star-full.png */; };
		481A3E4E14C240960072246D /* icon-star-full@2x.png in Resources */ = {isa = PBXBuildFile; fileRef = 481A3E4A14C240960072246D /* icon-star-full@2x.png */; };
		481A3E4F14C240960072246D /* icon-star.png in Resources */ = {isa = PBXBuildFile; fileRef = 481A3E4B14C240960072246D /* icon-star.png */; };
		481A3E5014C240960072246D /* icon-star@2x.png in Resources */ = {isa = PBXBuildFile; fileRef = 481A3E4C14C240960072246D /* icon-star@2x.png */; };
		481A3E5314C241CA0072246D /* icon-star-empty.png in Resources */ = {isa = PBXBuildFile; fileRef = 481A3E5114C241CA0072246D /* icon-star-empty.png */; };
		481A3E5414C241CA0072246D /* icon-star-empty@2x.png in Resources */ = {isa = PBXBuildFile; fileRef = 481A3E5214C241CA0072246D /* icon-star-empty@2x.png */; };
		481A3E5F14C392A10072246D /* Localizable.strings in Resources */ = {isa = PBXBuildFile; fileRef = 481A3E6114C392A10072246D /* Localizable.strings */; };
		481A3E6614C395580072246D /* Icon@2x.png in Resources */ = {isa = PBXBuildFile; fileRef = 481A3E6314C395580072246D /* Icon@2x.png */; };
		481A3E6714C395580072246D /* Icon.png in Resources */ = {isa = PBXBuildFile; fileRef = 481A3E6414C395580072246D /* Icon.png */; };
		481A3E6814C395580072246D /* Icon-72.png in Resources */ = {isa = PBXBuildFile; fileRef = 481A3E6514C395580072246D /* Icon-72.png */; };
		481A3E6A14C39A900072246D /* AppDelegate.m in Sources */ = {isa = PBXBuildFile; fileRef = 481A3E6914C39A8F0072246D /* AppDelegate.m */; };
		481A3E8414C9BFB60072246D /* NSDictionary+Parsing.m in Sources */ = {isa = PBXBuildFile; fileRef = 481A3E8314C9BFB60072246D /* NSDictionary+Parsing.m */; };
		481A3E9E14CE27070072246D /* icon-bar.png in Resources */ = {isa = PBXBuildFile; fileRef = 481A3E9214CE27060072246D /* icon-bar.png */; };
		481A3E9F14CE27070072246D /* icon-bar@2x.png in Resources */ = {isa = PBXBuildFile; fileRef = 481A3E9314CE27060072246D /* icon-bar@2x.png */; };
		481A3EA014CE27070072246D /* icon-cafe.png in Resources */ = {isa = PBXBuildFile; fileRef = 481A3E9414CE27060072246D /* icon-cafe.png */; };
		481A3EA114CE27070072246D /* icon-cafe@2x.png in Resources */ = {isa = PBXBuildFile; fileRef = 481A3E9514CE27060072246D /* icon-cafe@2x.png */; };
		481A3EA214CE27070072246D /* icon-home.png in Resources */ = {isa = PBXBuildFile; fileRef = 481A3E9614CE27060072246D /* icon-home.png */; };
		481A3EA314CE27070072246D /* icon-home@2x.png in Resources */ = {isa = PBXBuildFile; fileRef = 481A3E9714CE27060072246D /* icon-home@2x.png */; };
		481A3EA414CE27070072246D /* icon-indoors.png in Resources */ = {isa = PBXBuildFile; fileRef = 481A3E9814CE27060072246D /* icon-indoors.png */; };
		481A3EA514CE27070072246D /* icon-indoors@2x.png in Resources */ = {isa = PBXBuildFile; fileRef = 481A3E9914CE27070072246D /* icon-indoors@2x.png */; };
		481A3EA614CE27070072246D /* icon-outdoors.png in Resources */ = {isa = PBXBuildFile; fileRef = 481A3E9A14CE27070072246D /* icon-outdoors.png */; };
		481A3EA714CE27070072246D /* icon-outdoors@2x.png in Resources */ = {isa = PBXBuildFile; fileRef = 481A3E9B14CE27070072246D /* icon-outdoors@2x.png */; };
		481A3EA814CE27070072246D /* icon-restaurant.png in Resources */ = {isa = PBXBuildFile; fileRef = 481A3E9C14CE27070072246D /* icon-restaurant.png */; };
		481A3EA914CE27070072246D /* icon-restaurant@2x.png in Resources */ = {isa = PBXBuildFile; fileRef = 481A3E9D14CE27070072246D /* icon-restaurant@2x.png */; };
		481AB02B14C1E64600C0B566 /* QuartzCore.framework in Frameworks */ = {isa = PBXBuildFile; fileRef = 481AB02A14C1E64600C0B566 /* QuartzCore.framework */; };
		481AB03314C1ECD100C0B566 /* UIView+Extras.m in Sources */ = {isa = PBXBuildFile; fileRef = 481AB03214C1ECD100C0B566 /* UIView+Extras.m */; };
		481AB06014C1FF2400C0B566 /* type-bar.png in Resources */ = {isa = PBXBuildFile; fileRef = 481AB03614C1FF2400C0B566 /* type-bar.png */; };
		481AB06114C1FF2400C0B566 /* type-bar@2x.png in Resources */ = {isa = PBXBuildFile; fileRef = 481AB03714C1FF2400C0B566 /* type-bar@2x.png */; };
		481AB06214C1FF2400C0B566 /* pin-closed-star.png in Resources */ = {isa = PBXBuildFile; fileRef = 481AB03814C1FF2400C0B566 /* pin-closed-star.png */; };
		481AB06314C1FF2400C0B566 /* pin-closed-star@2x.png in Resources */ = {isa = PBXBuildFile; fileRef = 481AB03914C1FF2400C0B566 /* pin-closed-star@2x.png */; };
		481AB06414C1FF2400C0B566 /* pin-closed.png in Resources */ = {isa = PBXBuildFile; fileRef = 481AB03A14C1FF2400C0B566 /* pin-closed.png */; };
		481AB06514C1FF2400C0B566 /* pin-closed@2x.png in Resources */ = {isa = PBXBuildFile; fileRef = 481AB03B14C1FF2400C0B566 /* pin-closed@2x.png */; };
		481AB06614C1FF2400C0B566 /* type-coffee.png in Resources */ = {isa = PBXBuildFile; fileRef = 481AB03C14C1FF2400C0B566 /* type-coffee.png */; };
		481AB06714C1FF2400C0B566 /* type-coffee@2x.png in Resources */ = {isa = PBXBuildFile; fileRef = 481AB03D14C1FF2400C0B566 /* type-coffee@2x.png */; };
		481AB06814C1FF2400C0B566 /* footer-favorites.png in Resources */ = {isa = PBXBuildFile; fileRef = 481AB03E14C1FF2400C0B566 /* footer-favorites.png */; };
		481AB06914C1FF2400C0B566 /* footer-favorites@2x.png in Resources */ = {isa = PBXBuildFile; fileRef = 481AB03F14C1FF2400C0B566 /* footer-favorites@2x.png */; };
		481AB06A14C1FF2400C0B566 /* footer-home.png in Resources */ = {isa = PBXBuildFile; fileRef = 481AB04014C1FF2400C0B566 /* footer-home.png */; };
		481AB06B14C1FF2400C0B566 /* footer-home@2x.png in Resources */ = {isa = PBXBuildFile; fileRef = 481AB04114C1FF2400C0B566 /* footer-home@2x.png */; };
		481AB06C14C1FF2400C0B566 /* footer-map.png in Resources */ = {isa = PBXBuildFile; fileRef = 481AB04214C1FF2400C0B566 /* footer-map.png */; };
		481AB06D14C1FF2400C0B566 /* footer-map@2x.png in Resources */ = {isa = PBXBuildFile; fileRef = 481AB04314C1FF2400C0B566 /* footer-map@2x.png */; };
		481AB06E14C1FF2400C0B566 /* footer-section.png in Resources */ = {isa = PBXBuildFile; fileRef = 481AB04414C1FF2400C0B566 /* footer-section.png */; };
		481AB06F14C1FF2400C0B566 /* footer-section@2x.png in Resources */ = {isa = PBXBuildFile; fileRef = 481AB04514C1FF2400C0B566 /* footer-section@2x.png */; };
		481AB07014C1FF2400C0B566 /* pin-generic-star.png in Resources */ = {isa = PBXBuildFile; fileRef = 481AB04614C1FF2400C0B566 /* pin-generic-star.png */; };
		481AB07114C1FF2400C0B566 /* pin-generic-star@2x.png in Resources */ = {isa = PBXBuildFile; fileRef = 481AB04714C1FF2400C0B566 /* pin-generic-star@2x.png */; };
		481AB07214C1FF2400C0B566 /* pin-generic.png in Resources */ = {isa = PBXBuildFile; fileRef = 481AB04814C1FF2400C0B566 /* pin-generic.png */; };
		481AB07314C1FF2400C0B566 /* pin-generic@2x.png in Resources */ = {isa = PBXBuildFile; fileRef = 481AB04914C1FF2400C0B566 /* pin-generic@2x.png */; };
		481AB07414C1FF2400C0B566 /* type-home.png in Resources */ = {isa = PBXBuildFile; fileRef = 481AB04A14C1FF2400C0B566 /* type-home.png */; };
		481AB07514C1FF2400C0B566 /* type-home@2x.png in Resources */ = {isa = PBXBuildFile; fileRef = 481AB04B14C1FF2400C0B566 /* type-home@2x.png */; };
		481AB07614C1FF2400C0B566 /* icon-clock.png in Resources */ = {isa = PBXBuildFile; fileRef = 481AB04C14C1FF2400C0B566 /* icon-clock.png */; };
		481AB07714C1FF2400C0B566 /* icon-clock@2x.png in Resources */ = {isa = PBXBuildFile; fileRef = 481AB04D14C1FF2400C0B566 /* icon-clock@2x.png */; };
		481AB07814C1FF2400C0B566 /* icon-location.png in Resources */ = {isa = PBXBuildFile; fileRef = 481AB04E14C1FF2400C0B566 /* icon-location.png */; };
		481AB07914C1FF2400C0B566 /* icon-location@2x.png in Resources */ = {isa = PBXBuildFile; fileRef = 481AB04F14C1FF2400C0B566 /* icon-location@2x.png */; };
		481AB07A14C1FF2400C0B566 /* type-inside.png in Resources */ = {isa = PBXBuildFile; fileRef = 481AB05014C1FF2400C0B566 /* type-inside.png */; };
		481AB07B14C1FF2400C0B566 /* type-inside@2x.png in Resources */ = {isa = PBXBuildFile; fileRef = 481AB05114C1FF2400C0B566 /* type-inside@2x.png */; };
		481AB07C14C1FF2400C0B566 /* navi-gradient.png in Resources */ = {isa = PBXBuildFile; fileRef = 481AB05214C1FF2400C0B566 /* navi-gradient.png */; };
		481AB07D14C1FF2400C0B566 /* navi-gradient@2x.png in Resources */ = {isa = PBXBuildFile; fileRef = 481AB05314C1FF2400C0B566 /* navi-gradient@2x.png */; };
		481AB07E14C1FF2400C0B566 /* pin-open-star.png in Resources */ = {isa = PBXBuildFile; fileRef = 481AB05414C1FF2400C0B566 /* pin-open-star.png */; };
		481AB07F14C1FF2400C0B566 /* pin-open-star@2x.png in Resources */ = {isa = PBXBuildFile; fileRef = 481AB05514C1FF2400C0B566 /* pin-open-star@2x.png */; };
		481AB08014C1FF2400C0B566 /* pin-open.png in Resources */ = {isa = PBXBuildFile; fileRef = 481AB05614C1FF2400C0B566 /* pin-open.png */; };
		481AB08114C1FF2400C0B566 /* pin-open@2x.png in Resources */ = {isa = PBXBuildFile; fileRef = 481AB05714C1FF2400C0B566 /* pin-open@2x.png */; };
		481AB08214C1FF2400C0B566 /* type-outside.png in Resources */ = {isa = PBXBuildFile; fileRef = 481AB05814C1FF2400C0B566 /* type-outside.png */; };
		481AB08314C1FF2400C0B566 /* type-outside@2x.png in Resources */ = {isa = PBXBuildFile; fileRef = 481AB05914C1FF2400C0B566 /* type-outside@2x.png */; };
		481AB08414C1FF2400C0B566 /* type-restaurant.png in Resources */ = {isa = PBXBuildFile; fileRef = 481AB05A14C1FF2400C0B566 /* type-restaurant.png */; };
		481AB08514C1FF2400C0B566 /* type-restaurant@2x.png in Resources */ = {isa = PBXBuildFile; fileRef = 481AB05B14C1FF2400C0B566 /* type-restaurant@2x.png */; };
		481AB08614C1FF2400C0B566 /* time-gradient-gray.png in Resources */ = {isa = PBXBuildFile; fileRef = 481AB05C14C1FF2400C0B566 /* time-gradient-gray.png */; };
		481AB08714C1FF2400C0B566 /* time-gradient-gray@2x.png in Resources */ = {isa = PBXBuildFile; fileRef = 481AB05D14C1FF2400C0B566 /* time-gradient-gray@2x.png */; };
		481AB08814C1FF2400C0B566 /* time-gradient.png in Resources */ = {isa = PBXBuildFile; fileRef = 481AB05E14C1FF2400C0B566 /* time-gradient.png */; };
		481AB08914C1FF2400C0B566 /* time-gradient@2x.png in Resources */ = {isa = PBXBuildFile; fileRef = 481AB05F14C1FF2400C0B566 /* time-gradient@2x.png */; };
		481AB08F14C2110100C0B566 /* CustomNavigationController.xib in Resources */ = {isa = PBXBuildFile; fileRef = 481AB08E14C2110100C0B566 /* CustomNavigationController.xib */; };
		481AB09814C2257400C0B566 /* box-shadow.png in Resources */ = {isa = PBXBuildFile; fileRef = 481AB09614C2257400C0B566 /* box-shadow.png */; };
		481AB09914C2257400C0B566 /* box-shadow@2x.png in Resources */ = {isa = PBXBuildFile; fileRef = 481AB09714C2257400C0B566 /* box-shadow@2x.png */; };
		481AB09C14C2297400C0B566 /* favorite-corner.png in Resources */ = {isa = PBXBuildFile; fileRef = 481AB09A14C2297400C0B566 /* favorite-corner.png */; };
		481AB09D14C2297400C0B566 /* favorite-corner@2x.png in Resources */ = {isa = PBXBuildFile; fileRef = 481AB09B14C2297400C0B566 /* favorite-corner@2x.png */; };
		481AB0A014C22C1100C0B566 /* dash-pattern.png in Resources */ = {isa = PBXBuildFile; fileRef = 481AB09E14C22C1100C0B566 /* dash-pattern.png */; };
		481AB0A114C22C1100C0B566 /* dash-pattern@2x.png in Resources */ = {isa = PBXBuildFile; fileRef = 481AB09F14C22C1100C0B566 /* dash-pattern@2x.png */; };
		481AB0A614C232C900C0B566 /* checkbox-checked.png in Resources */ = {isa = PBXBuildFile; fileRef = 481AB0A214C232C800C0B566 /* checkbox-checked.png */; };
		481AB0A714C232C900C0B566 /* checkbox-checked@2x.png in Resources */ = {isa = PBXBuildFile; fileRef = 481AB0A314C232C800C0B566 /* checkbox-checked@2x.png */; };
		481AB0A814C232C900C0B566 /* checkbox-unchecked.png in Resources */ = {isa = PBXBuildFile; fileRef = 481AB0A414C232C900C0B566 /* checkbox-unchecked.png */; };
		481AB0A914C232C900C0B566 /* checkbox-unchecked@2x.png in Resources */ = {isa = PBXBuildFile; fileRef = 481AB0A514C232C900C0B566 /* checkbox-unchecked@2x.png */; };
		487A75AC16B97DAE008E5626 /* Icon-72@2x.png in Resources */ = {isa = PBXBuildFile; fileRef = 487A75AB16B97DAE008E5626 /* Icon-72@2x.png */; };
		487A75AF16B98E0C008E5626 /* icon-search.png in Resources */ = {isa = PBXBuildFile; fileRef = 487A75AD16B98E0C008E5626 /* icon-search.png */; };
		487A75B016B98E0C008E5626 /* icon-search@2x.png in Resources */ = {isa = PBXBuildFile; fileRef = 487A75AE16B98E0C008E5626 /* icon-search@2x.png */; };
		487A75BB16B9F615008E5626 /* icon-pin.png in Resources */ = {isa = PBXBuildFile; fileRef = 487A75B916B9F615008E5626 /* icon-pin.png */; };
		487A75BC16B9F615008E5626 /* icon-pin@2x.png in Resources */ = {isa = PBXBuildFile; fileRef = 487A75BA16B9F615008E5626 /* icon-pin@2x.png */; };
		487A75BF16B9F996008E5626 /* icon-distance.png in Resources */ = {isa = PBXBuildFile; fileRef = 487A75BD16B9F996008E5626 /* icon-distance.png */; };
		487A75C016B9F996008E5626 /* icon-distance@2x.png in Resources */ = {isa = PBXBuildFile; fileRef = 487A75BE16B9F996008E5626 /* icon-distance@2x.png */; };
		487A75C216BA0078008E5626 /* MessageUI.framework in Frameworks */ = {isa = PBXBuildFile; fileRef = 487A75C116BA0077008E5626 /* MessageUI.framework */; };
		487AA50D14C1BF13007C4CCF /* RestaurantCell_iPhone.xib in Resources */ = {isa = PBXBuildFile; fileRef = 487AA50C14C1BF13007C4CCF /* RestaurantCell_iPhone.xib */; };
		487AA51014C1C1DA007C4CCF /* RestaurantCell.m in Sources */ = {isa = PBXBuildFile; fileRef = 487AA50F14C1C1DA007C4CCF /* RestaurantCell.m */; };
		48EB843416B8BFDD005540BD /* CoreData.framework in Frameworks */ = {isa = PBXBuildFile; fileRef = 48EB843316B8BFDD005540BD /* CoreData.framework */; };
		48EB874F16B95B92005540BD /* RestaurantListHeader_iPad.xib in Resources */ = {isa = PBXBuildFile; fileRef = 48EB874D16B95B92005540BD /* RestaurantListHeader_iPad.xib */; };
		48EB875016B95B92005540BD /* RestaurantListHeader_iPhone.xib in Resources */ = {isa = PBXBuildFile; fileRef = 48EB874E16B95B92005540BD /* RestaurantListHeader_iPhone.xib */; };
		48EB875216B963E9005540BD /* RestaurantCell_iPad.xib in Resources */ = {isa = PBXBuildFile; fileRef = 48EB875116B963E9005540BD /* RestaurantCell_iPad.xib */; };
		48EB875F16B9681E005540BD /* bigicon-bar.png in Resources */ = {isa = PBXBuildFile; fileRef = 48EB875316B96811005540BD /* bigicon-bar.png */; };
		48EB876016B9681E005540BD /* bigicon-bar@2x.png in Resources */ = {isa = PBXBuildFile; fileRef = 48EB875416B96812005540BD /* bigicon-bar@2x.png */; };
		48EB876116B9681E005540BD /* bigicon-cafe.png in Resources */ = {isa = PBXBuildFile; fileRef = 48EB875516B96813005540BD /* bigicon-cafe.png */; };
		48EB876216B9681E005540BD /* bigicon-cafe@2x.png in Resources */ = {isa = PBXBuildFile; fileRef = 48EB875616B96814005540BD /* bigicon-cafe@2x.png */; };
		48EB876316B9681E005540BD /* bigicon-home.png in Resources */ = {isa = PBXBuildFile; fileRef = 48EB875716B96816005540BD /* bigicon-home.png */; };
		48EB876416B9681E005540BD /* bigicon-home@2x.png in Resources */ = {isa = PBXBuildFile; fileRef = 48EB875816B96817005540BD /* bigicon-home@2x.png */; };
		48EB876516B9681E005540BD /* bigicon-indoors.png in Resources */ = {isa = PBXBuildFile; fileRef = 48EB875916B96817005540BD /* bigicon-indoors.png */; };
		48EB876616B9681E005540BD /* bigicon-indoors@2x.png in Resources */ = {isa = PBXBuildFile; fileRef = 48EB875A16B96818005540BD /* bigicon-indoors@2x.png */; };
		48EB876716B9681E005540BD /* bigicon-outdoors.png in Resources */ = {isa = PBXBuildFile; fileRef = 48EB875B16B9681C005540BD /* bigicon-outdoors.png */; };
		48EB876816B9681E005540BD /* bigicon-outdoors@2x.png in Resources */ = {isa = PBXBuildFile; fileRef = 48EB875C16B9681C005540BD /* bigicon-outdoors@2x.png */; };
		48EB876916B9681E005540BD /* bigicon-restaurant.png in Resources */ = {isa = PBXBuildFile; fileRef = 48EB875D16B9681D005540BD /* bigicon-restaurant.png */; };
		48EB876A16B9681E005540BD /* bigicon-restaurant@2x.png in Resources */ = {isa = PBXBuildFile; fileRef = 48EB875E16B9681E005540BD /* bigicon-restaurant@2x.png */; };
		48F6AB8315D19775003EB26D /* arrow-back.png in Resources */ = {isa = PBXBuildFile; fileRef = 48F6AB8115D19775003EB26D /* arrow-back.png */; };
		48F6AB8415D19775003EB26D /* arrow-back@2x.png in Resources */ = {isa = PBXBuildFile; fileRef = 48F6AB8215D19775003EB26D /* arrow-back@2x.png */; };
		DD244C5F14C202C4005019A6 /* RestaurantListHeader.m in Sources */ = {isa = PBXBuildFile; fileRef = DD244C5E14C202C4005019A6 /* RestaurantListHeader.m */; };
		DD2A538814C2D1F600456A92 /* RestaurantDayViewController.xib in Resources */ = {isa = PBXBuildFile; fileRef = DD2A538714C2D1F600456A92 /* RestaurantDayViewController.xib */; };
		DD2A538B14C2D22C00456A92 /* RestaurantDayViewController.m in Sources */ = {isa = PBXBuildFile; fileRef = DD2A538A14C2D22C00456A92 /* RestaurantDayViewController.m */; };
		DDC1C8DB14C2EFF100D6740B /* info_BG.png in Resources */ = {isa = PBXBuildFile; fileRef = DDC1C8D914C2EFF100D6740B /* info_BG.png */; };
		DDC1C8DC14C2EFF100D6740B /* info_BG@2x.png in Resources */ = {isa = PBXBuildFile; fileRef = DDC1C8DA14C2EFF100D6740B /* info_BG@2x.png */; };
		DDC1C8E014C30A1E00D6740B /* infopage.png in Resources */ = {isa = PBXBuildFile; fileRef = DDC1C8DE14C30A1E00D6740B /* infopage.png */; };
		DDC1C8E114C30A1E00D6740B /* infopage@2x.png in Resources */ = {isa = PBXBuildFile; fileRef = DDC1C8DF14C30A1E00D6740B /* infopage@2x.png */; };
		DDC1C8E414C30E0D00D6740B /* taustakuva.png in Resources */ = {isa = PBXBuildFile; fileRef = DDC1C8E214C30E0D00D6740B /* taustakuva.png */; };
		DDC1C8E514C30E0D00D6740B /* taustakuva@2x.png in Resources */ = {isa = PBXBuildFile; fileRef = DDC1C8E314C30E0D00D6740B /* taustakuva@2x.png */; };
		DDC1C8ED14C4295300D6740B /* InfoDataProvider.m in Sources */ = {isa = PBXBuildFile; fileRef = DDC1C8EC14C4295300D6740B /* InfoDataProvider.m */; };
		DDC1C8F314C42CDB00D6740B /* Info.m in Sources */ = {isa = PBXBuildFile; fileRef = DDC1C8F214C42CDB00D6740B /* Info.m */; };
		DDC1C8F614C42E7900D6740B /* Bulletin.m in Sources */ = {isa = PBXBuildFile; fileRef = DDC1C8F514C42E7900D6740B /* Bulletin.m */; };
		DDC1C8F914C46A8B00D6740B /* icon-locate-new.png in Resources */ = {isa = PBXBuildFile; fileRef = DDC1C8F714C46A8B00D6740B /* icon-locate-new.png */; };
		DDC1C8FA14C46A8B00D6740B /* icon-locate-new@2x.png in Resources */ = {isa = PBXBuildFile; fileRef = DDC1C8F814C46A8B00D6740B /* icon-locate-new@2x.png */; };
		DDC1C8FC14C480AE00D6740B /* restaurantDescription.css in Resources */ = {isa = PBXBuildFile; fileRef = DDC1C8FB14C480AE00D6740B /* restaurantDescription.css */; };
		DDC1C8FF14C484DF00D6740B /* RestaurantDetailDataProvider.m in Sources */ = {isa = PBXBuildFile; fileRef = DDC1C8FE14C484DF00D6740B /* RestaurantDetailDataProvider.m */; };
		DDC1C90214C5FB0000D6740B /* MyWebViewController.m in Sources */ = {isa = PBXBuildFile; fileRef = DDC1C90114C5FB0000D6740B /* MyWebViewController.m */; };
		DDC8461514C163150023ACDD /* UIKit.framework in Frameworks */ = {isa = PBXBuildFile; fileRef = DDC8461414C163150023ACDD /* UIKit.framework */; };
		DDC8461714C163150023ACDD /* Foundation.framework in Frameworks */ = {isa = PBXBuildFile; fileRef = DDC8461614C163150023ACDD /* Foundation.framework */; };
		DDC8461914C163150023ACDD /* CoreGraphics.framework in Frameworks */ = {isa = PBXBuildFile; fileRef = DDC8461814C163150023ACDD /* CoreGraphics.framework */; };
		DDC8462114C163150023ACDD /* main.m in Sources */ = {isa = PBXBuildFile; fileRef = DDC8462014C163150023ACDD /* main.m */; };
		DDC8464114C163150023ACDD /* SenTestingKit.framework in Frameworks */ = {isa = PBXBuildFile; fileRef = DDC8464014C163150023ACDD /* SenTestingKit.framework */; };
		DDC8464214C163150023ACDD /* UIKit.framework in Frameworks */ = {isa = PBXBuildFile; fileRef = DDC8461414C163150023ACDD /* UIKit.framework */; };
		DDC8464314C163150023ACDD /* Foundation.framework in Frameworks */ = {isa = PBXBuildFile; fileRef = DDC8461614C163150023ACDD /* Foundation.framework */; };
		DDC8464B14C163150023ACDD /* InfoPlist.strings in Resources */ = {isa = PBXBuildFile; fileRef = DDC8464914C163150023ACDD /* InfoPlist.strings */; };
		DDC8464E14C163150023ACDD /* Restaurant_DayTests.m in Sources */ = {isa = PBXBuildFile; fileRef = DDC8464D14C163150023ACDD /* Restaurant_DayTests.m */; };
		DDC8466114C1648C0023ACDD /* ListViewController.m in Sources */ = {isa = PBXBuildFile; fileRef = DDC8465914C1648C0023ACDD /* ListViewController.m */; };
		DDC8466214C1648C0023ACDD /* MapViewController.m in Sources */ = {isa = PBXBuildFile; fileRef = DDC8465B14C1648C0023ACDD /* MapViewController.m */; };
		DDC8466414C1648C0023ACDD /* MapViewController.xib in Resources */ = {isa = PBXBuildFile; fileRef = DDC8466014C1648C0023ACDD /* MapViewController.xib */; };
		DDC8466714C164E70023ACDD /* Restaurant.m in Sources */ = {isa = PBXBuildFile; fileRef = DDC8466614C164E70023ACDD /* Restaurant.m */; };
		DDC8466914C1655D0023ACDD /* CoreLocation.framework in Frameworks */ = {isa = PBXBuildFile; fileRef = DDC8466814C1655C0023ACDD /* CoreLocation.framework */; };
		DDC8466C14C165D50023ACDD /* RestaurantDataProvider.m in Sources */ = {isa = PBXBuildFile; fileRef = DDC8466B14C165D50023ACDD /* RestaurantDataProvider.m */; };
		DDC8466E14C1711E0023ACDD /* MapKit.framework in Frameworks */ = {isa = PBXBuildFile; fileRef = DDC8466D14C1711E0023ACDD /* MapKit.framework */; };
		DDC846AC14C1816E0023ACDD /* CFNetwork.framework in Frameworks */ = {isa = PBXBuildFile; fileRef = DDC846AB14C1816E0023ACDD /* CFNetwork.framework */; };
		DDC846AE14C181720023ACDD /* SystemConfiguration.framework in Frameworks */ = {isa = PBXBuildFile; fileRef = DDC846AD14C181720023ACDD /* SystemConfiguration.framework */; };
		DDC846B014C1817C0023ACDD /* MobileCoreServices.framework in Frameworks */ = {isa = PBXBuildFile; fileRef = DDC846AF14C1817C0023ACDD /* MobileCoreServices.framework */; };
		DDC846B214C1818B0023ACDD /* libz.dylib in Frameworks */ = {isa = PBXBuildFile; fileRef = DDC846B114C1818B0023ACDD /* libz.dylib */; };
		DDC846FB14C18D4F0023ACDD /* restaurants.json in Resources */ = {isa = PBXBuildFile; fileRef = DDC846FA14C18D4F0023ACDD /* restaurants.json */; };
		DDC8470614C1AC8B0023ACDD /* RestaurantViewController.m in Sources */ = {isa = PBXBuildFile; fileRef = DDC8470514C1AC8B0023ACDD /* RestaurantViewController.m */; };
		DDC8470914C1AC9B0023ACDD /* RestaurantViewController.xib in Resources */ = {isa = PBXBuildFile; fileRef = DDC8470814C1AC9B0023ACDD /* RestaurantViewController.xib */; };
		DDF739B714C1CD6D0008ADEC /* RestaurantMapViewController.m in Sources */ = {isa = PBXBuildFile; fileRef = DDF739B614C1CD6D0008ADEC /* RestaurantMapViewController.m */; };
/* End PBXBuildFile section */

/* Begin PBXContainerItemProxy section */
		DDC8464414C163150023ACDD /* PBXContainerItemProxy */ = {
			isa = PBXContainerItemProxy;
			containerPortal = DDC8460714C163150023ACDD /* Project object */;
			proxyType = 1;
			remoteGlobalIDString = DDC8460F14C163150023ACDD;
			remoteInfo = "Restaurant Day";
		};
/* End PBXContainerItemProxy section */

/* Begin PBXFileReference section */
		0475F20C2F224213B1CEE6DE /* libPods.a */ = {isa = PBXFileReference; explicitFileType = archive.ar; includeInIndex = 0; path = libPods.a; sourceTree = BUILT_PRODUCTS_DIR; };
		4803187816AAF103003C9EE4 /* Default-568h@2x.png */ = {isa = PBXFileReference; lastKnownFileType = image.png; name = "Default-568h@2x.png"; path = "../../Default-568h@2x.png"; sourceTree = "<group>"; };
		481A3E4414C23E0C0072246D /* icon-locate.png */ = {isa = PBXFileReference; lastKnownFileType = image.png; path = "icon-locate.png"; sourceTree = "<group>"; };
		481A3E4514C23E0C0072246D /* icon-locate@2x.png */ = {isa = PBXFileReference; lastKnownFileType = image.png; path = "icon-locate@2x.png"; sourceTree = "<group>"; };
		481A3E4914C240960072246D /* icon-star-full.png */ = {isa = PBXFileReference; lastKnownFileType = image.png; path = "icon-star-full.png"; sourceTree = "<group>"; };
		481A3E4A14C240960072246D /* icon-star-full@2x.png */ = {isa = PBXFileReference; lastKnownFileType = image.png; path = "icon-star-full@2x.png"; sourceTree = "<group>"; };
		481A3E4B14C240960072246D /* icon-star.png */ = {isa = PBXFileReference; lastKnownFileType = image.png; path = "icon-star.png"; sourceTree = "<group>"; };
		481A3E4C14C240960072246D /* icon-star@2x.png */ = {isa = PBXFileReference; lastKnownFileType = image.png; path = "icon-star@2x.png"; sourceTree = "<group>"; };
		481A3E5114C241CA0072246D /* icon-star-empty.png */ = {isa = PBXFileReference; lastKnownFileType = image.png; path = "icon-star-empty.png"; sourceTree = "<group>"; };
		481A3E5214C241CA0072246D /* icon-star-empty@2x.png */ = {isa = PBXFileReference; lastKnownFileType = image.png; path = "icon-star-empty@2x.png"; sourceTree = "<group>"; };
		481A3E6014C392A10072246D /* en */ = {isa = PBXFileReference; lastKnownFileType = text.plist.strings; name = en; path = en.lproj/Localizable.strings; sourceTree = "<group>"; };
		481A3E6214C392D40072246D /* fi */ = {isa = PBXFileReference; lastKnownFileType = text.plist.strings; name = fi; path = fi.lproj/Localizable.strings; sourceTree = "<group>"; };
		481A3E6314C395580072246D /* Icon@2x.png */ = {isa = PBXFileReference; lastKnownFileType = image.png; name = "Icon@2x.png"; path = "Restaurant Day/Icon@2x.png"; sourceTree = SOURCE_ROOT; };
		481A3E6414C395580072246D /* Icon.png */ = {isa = PBXFileReference; lastKnownFileType = image.png; name = Icon.png; path = "Restaurant Day/Icon.png"; sourceTree = SOURCE_ROOT; };
		481A3E6514C395580072246D /* Icon-72.png */ = {isa = PBXFileReference; lastKnownFileType = image.png; name = "Icon-72.png"; path = "Restaurant Day/Icon-72.png"; sourceTree = SOURCE_ROOT; };
		481A3E6914C39A8F0072246D /* AppDelegate.m */ = {isa = PBXFileReference; fileEncoding = 4; lastKnownFileType = sourcecode.c.objc; path = AppDelegate.m; sourceTree = "<group>"; };
		481A3E8214C9BFB50072246D /* NSDictionary+Parsing.h */ = {isa = PBXFileReference; fileEncoding = 4; lastKnownFileType = sourcecode.c.h; name = "NSDictionary+Parsing.h"; path = "../Parsers/NSDictionary+Parsing.h"; sourceTree = "<group>"; };
		481A3E8314C9BFB60072246D /* NSDictionary+Parsing.m */ = {isa = PBXFileReference; fileEncoding = 4; lastKnownFileType = sourcecode.c.objc; name = "NSDictionary+Parsing.m"; path = "../Parsers/NSDictionary+Parsing.m"; sourceTree = "<group>"; };
		481A3E9214CE27060072246D /* icon-bar.png */ = {isa = PBXFileReference; lastKnownFileType = image.png; path = "icon-bar.png"; sourceTree = "<group>"; };
		481A3E9314CE27060072246D /* icon-bar@2x.png */ = {isa = PBXFileReference; lastKnownFileType = image.png; path = "icon-bar@2x.png"; sourceTree = "<group>"; };
		481A3E9414CE27060072246D /* icon-cafe.png */ = {isa = PBXFileReference; lastKnownFileType = image.png; path = "icon-cafe.png"; sourceTree = "<group>"; };
		481A3E9514CE27060072246D /* icon-cafe@2x.png */ = {isa = PBXFileReference; lastKnownFileType = image.png; path = "icon-cafe@2x.png"; sourceTree = "<group>"; };
		481A3E9614CE27060072246D /* icon-home.png */ = {isa = PBXFileReference; lastKnownFileType = image.png; path = "icon-home.png"; sourceTree = "<group>"; };
		481A3E9714CE27060072246D /* icon-home@2x.png */ = {isa = PBXFileReference; lastKnownFileType = image.png; path = "icon-home@2x.png"; sourceTree = "<group>"; };
		481A3E9814CE27060072246D /* icon-indoors.png */ = {isa = PBXFileReference; lastKnownFileType = image.png; path = "icon-indoors.png"; sourceTree = "<group>"; };
		481A3E9914CE27070072246D /* icon-indoors@2x.png */ = {isa = PBXFileReference; lastKnownFileType = image.png; path = "icon-indoors@2x.png"; sourceTree = "<group>"; };
		481A3E9A14CE27070072246D /* icon-outdoors.png */ = {isa = PBXFileReference; lastKnownFileType = image.png; path = "icon-outdoors.png"; sourceTree = "<group>"; };
		481A3E9B14CE27070072246D /* icon-outdoors@2x.png */ = {isa = PBXFileReference; lastKnownFileType = image.png; path = "icon-outdoors@2x.png"; sourceTree = "<group>"; };
		481A3E9C14CE27070072246D /* icon-restaurant.png */ = {isa = PBXFileReference; lastKnownFileType = image.png; path = "icon-restaurant.png"; sourceTree = "<group>"; };
		481A3E9D14CE27070072246D /* icon-restaurant@2x.png */ = {isa = PBXFileReference; lastKnownFileType = image.png; path = "icon-restaurant@2x.png"; sourceTree = "<group>"; };
		481AB02A14C1E64600C0B566 /* QuartzCore.framework */ = {isa = PBXFileReference; lastKnownFileType = wrapper.framework; name = QuartzCore.framework; path = System/Library/Frameworks/QuartzCore.framework; sourceTree = SDKROOT; };
		481AB03114C1ECD100C0B566 /* UIView+Extras.h */ = {isa = PBXFileReference; fileEncoding = 4; lastKnownFileType = sourcecode.c.h; path = "UIView+Extras.h"; sourceTree = "<group>"; };
		481AB03214C1ECD100C0B566 /* UIView+Extras.m */ = {isa = PBXFileReference; fileEncoding = 4; lastKnownFileType = sourcecode.c.objc; path = "UIView+Extras.m"; sourceTree = "<group>"; };
		481AB03614C1FF2400C0B566 /* type-bar.png */ = {isa = PBXFileReference; lastKnownFileType = image.png; path = "type-bar.png"; sourceTree = "<group>"; };
		481AB03714C1FF2400C0B566 /* type-bar@2x.png */ = {isa = PBXFileReference; lastKnownFileType = image.png; path = "type-bar@2x.png"; sourceTree = "<group>"; };
		481AB03814C1FF2400C0B566 /* pin-closed-star.png */ = {isa = PBXFileReference; lastKnownFileType = image.png; path = "pin-closed-star.png"; sourceTree = "<group>"; };
		481AB03914C1FF2400C0B566 /* pin-closed-star@2x.png */ = {isa = PBXFileReference; lastKnownFileType = image.png; path = "pin-closed-star@2x.png"; sourceTree = "<group>"; };
		481AB03A14C1FF2400C0B566 /* pin-closed.png */ = {isa = PBXFileReference; lastKnownFileType = image.png; path = "pin-closed.png"; sourceTree = "<group>"; };
		481AB03B14C1FF2400C0B566 /* pin-closed@2x.png */ = {isa = PBXFileReference; lastKnownFileType = image.png; path = "pin-closed@2x.png"; sourceTree = "<group>"; };
		481AB03C14C1FF2400C0B566 /* type-coffee.png */ = {isa = PBXFileReference; lastKnownFileType = image.png; path = "type-coffee.png"; sourceTree = "<group>"; };
		481AB03D14C1FF2400C0B566 /* type-coffee@2x.png */ = {isa = PBXFileReference; lastKnownFileType = image.png; path = "type-coffee@2x.png"; sourceTree = "<group>"; };
		481AB03E14C1FF2400C0B566 /* footer-favorites.png */ = {isa = PBXFileReference; lastKnownFileType = image.png; path = "footer-favorites.png"; sourceTree = "<group>"; };
		481AB03F14C1FF2400C0B566 /* footer-favorites@2x.png */ = {isa = PBXFileReference; lastKnownFileType = image.png; path = "footer-favorites@2x.png"; sourceTree = "<group>"; };
		481AB04014C1FF2400C0B566 /* footer-home.png */ = {isa = PBXFileReference; lastKnownFileType = image.png; path = "footer-home.png"; sourceTree = "<group>"; };
		481AB04114C1FF2400C0B566 /* footer-home@2x.png */ = {isa = PBXFileReference; lastKnownFileType = image.png; path = "footer-home@2x.png"; sourceTree = "<group>"; };
		481AB04214C1FF2400C0B566 /* footer-map.png */ = {isa = PBXFileReference; lastKnownFileType = image.png; path = "footer-map.png"; sourceTree = "<group>"; };
		481AB04314C1FF2400C0B566 /* footer-map@2x.png */ = {isa = PBXFileReference; lastKnownFileType = image.png; path = "footer-map@2x.png"; sourceTree = "<group>"; };
		481AB04414C1FF2400C0B566 /* footer-section.png */ = {isa = PBXFileReference; lastKnownFileType = image.png; path = "footer-section.png"; sourceTree = "<group>"; };
		481AB04514C1FF2400C0B566 /* footer-section@2x.png */ = {isa = PBXFileReference; lastKnownFileType = image.png; path = "footer-section@2x.png"; sourceTree = "<group>"; };
		481AB04614C1FF2400C0B566 /* pin-generic-star.png */ = {isa = PBXFileReference; lastKnownFileType = image.png; path = "pin-generic-star.png"; sourceTree = "<group>"; };
		481AB04714C1FF2400C0B566 /* pin-generic-star@2x.png */ = {isa = PBXFileReference; lastKnownFileType = image.png; path = "pin-generic-star@2x.png"; sourceTree = "<group>"; };
		481AB04814C1FF2400C0B566 /* pin-generic.png */ = {isa = PBXFileReference; lastKnownFileType = image.png; path = "pin-generic.png"; sourceTree = "<group>"; };
		481AB04914C1FF2400C0B566 /* pin-generic@2x.png */ = {isa = PBXFileReference; lastKnownFileType = image.png; path = "pin-generic@2x.png"; sourceTree = "<group>"; };
		481AB04A14C1FF2400C0B566 /* type-home.png */ = {isa = PBXFileReference; lastKnownFileType = image.png; path = "type-home.png"; sourceTree = "<group>"; };
		481AB04B14C1FF2400C0B566 /* type-home@2x.png */ = {isa = PBXFileReference; lastKnownFileType = image.png; path = "type-home@2x.png"; sourceTree = "<group>"; };
		481AB04C14C1FF2400C0B566 /* icon-clock.png */ = {isa = PBXFileReference; lastKnownFileType = image.png; path = "icon-clock.png"; sourceTree = "<group>"; };
		481AB04D14C1FF2400C0B566 /* icon-clock@2x.png */ = {isa = PBXFileReference; lastKnownFileType = image.png; path = "icon-clock@2x.png"; sourceTree = "<group>"; };
		481AB04E14C1FF2400C0B566 /* icon-location.png */ = {isa = PBXFileReference; lastKnownFileType = image.png; path = "icon-location.png"; sourceTree = "<group>"; };
		481AB04F14C1FF2400C0B566 /* icon-location@2x.png */ = {isa = PBXFileReference; lastKnownFileType = image.png; path = "icon-location@2x.png"; sourceTree = "<group>"; };
		481AB05014C1FF2400C0B566 /* type-inside.png */ = {isa = PBXFileReference; lastKnownFileType = image.png; path = "type-inside.png"; sourceTree = "<group>"; };
		481AB05114C1FF2400C0B566 /* type-inside@2x.png */ = {isa = PBXFileReference; lastKnownFileType = image.png; path = "type-inside@2x.png"; sourceTree = "<group>"; };
		481AB05214C1FF2400C0B566 /* navi-gradient.png */ = {isa = PBXFileReference; lastKnownFileType = image.png; path = "navi-gradient.png"; sourceTree = "<group>"; };
		481AB05314C1FF2400C0B566 /* navi-gradient@2x.png */ = {isa = PBXFileReference; lastKnownFileType = image.png; path = "navi-gradient@2x.png"; sourceTree = "<group>"; };
		481AB05414C1FF2400C0B566 /* pin-open-star.png */ = {isa = PBXFileReference; lastKnownFileType = image.png; path = "pin-open-star.png"; sourceTree = "<group>"; };
		481AB05514C1FF2400C0B566 /* pin-open-star@2x.png */ = {isa = PBXFileReference; lastKnownFileType = image.png; path = "pin-open-star@2x.png"; sourceTree = "<group>"; };
		481AB05614C1FF2400C0B566 /* pin-open.png */ = {isa = PBXFileReference; lastKnownFileType = image.png; path = "pin-open.png"; sourceTree = "<group>"; };
		481AB05714C1FF2400C0B566 /* pin-open@2x.png */ = {isa = PBXFileReference; lastKnownFileType = image.png; path = "pin-open@2x.png"; sourceTree = "<group>"; };
		481AB05814C1FF2400C0B566 /* type-outside.png */ = {isa = PBXFileReference; lastKnownFileType = image.png; path = "type-outside.png"; sourceTree = "<group>"; };
		481AB05914C1FF2400C0B566 /* type-outside@2x.png */ = {isa = PBXFileReference; lastKnownFileType = image.png; path = "type-outside@2x.png"; sourceTree = "<group>"; };
		481AB05A14C1FF2400C0B566 /* type-restaurant.png */ = {isa = PBXFileReference; lastKnownFileType = image.png; path = "type-restaurant.png"; sourceTree = "<group>"; };
		481AB05B14C1FF2400C0B566 /* type-restaurant@2x.png */ = {isa = PBXFileReference; lastKnownFileType = image.png; path = "type-restaurant@2x.png"; sourceTree = "<group>"; };
		481AB05C14C1FF2400C0B566 /* time-gradient-gray.png */ = {isa = PBXFileReference; lastKnownFileType = image.png; path = "time-gradient-gray.png"; sourceTree = "<group>"; };
		481AB05D14C1FF2400C0B566 /* time-gradient-gray@2x.png */ = {isa = PBXFileReference; lastKnownFileType = image.png; path = "time-gradient-gray@2x.png"; sourceTree = "<group>"; };
		481AB05E14C1FF2400C0B566 /* time-gradient.png */ = {isa = PBXFileReference; lastKnownFileType = image.png; path = "time-gradient.png"; sourceTree = "<group>"; };
		481AB05F14C1FF2400C0B566 /* time-gradient@2x.png */ = {isa = PBXFileReference; lastKnownFileType = image.png; path = "time-gradient@2x.png"; sourceTree = "<group>"; };
		481AB08E14C2110100C0B566 /* CustomNavigationController.xib */ = {isa = PBXFileReference; fileEncoding = 4; lastKnownFileType = file.xib; path = CustomNavigationController.xib; sourceTree = "<group>"; };
		481AB09014C212F000C0B566 /* Definitions.h */ = {isa = PBXFileReference; fileEncoding = 4; lastKnownFileType = sourcecode.c.h; path = Definitions.h; sourceTree = "<group>"; };
		481AB09614C2257400C0B566 /* box-shadow.png */ = {isa = PBXFileReference; lastKnownFileType = image.png; path = "box-shadow.png"; sourceTree = "<group>"; };
		481AB09714C2257400C0B566 /* box-shadow@2x.png */ = {isa = PBXFileReference; lastKnownFileType = image.png; path = "box-shadow@2x.png"; sourceTree = "<group>"; };
		481AB09A14C2297400C0B566 /* favorite-corner.png */ = {isa = PBXFileReference; lastKnownFileType = image.png; path = "favorite-corner.png"; sourceTree = "<group>"; };
		481AB09B14C2297400C0B566 /* favorite-corner@2x.png */ = {isa = PBXFileReference; lastKnownFileType = image.png; path = "favorite-corner@2x.png"; sourceTree = "<group>"; };
		481AB09E14C22C1100C0B566 /* dash-pattern.png */ = {isa = PBXFileReference; lastKnownFileType = image.png; path = "dash-pattern.png"; sourceTree = "<group>"; };
		481AB09F14C22C1100C0B566 /* dash-pattern@2x.png */ = {isa = PBXFileReference; lastKnownFileType = image.png; path = "dash-pattern@2x.png"; sourceTree = "<group>"; };
		481AB0A214C232C800C0B566 /* checkbox-checked.png */ = {isa = PBXFileReference; lastKnownFileType = image.png; path = "checkbox-checked.png"; sourceTree = "<group>"; };
		481AB0A314C232C800C0B566 /* checkbox-checked@2x.png */ = {isa = PBXFileReference; lastKnownFileType = image.png; path = "checkbox-checked@2x.png"; sourceTree = "<group>"; };
		481AB0A414C232C900C0B566 /* checkbox-unchecked.png */ = {isa = PBXFileReference; lastKnownFileType = image.png; path = "checkbox-unchecked.png"; sourceTree = "<group>"; };
		481AB0A514C232C900C0B566 /* checkbox-unchecked@2x.png */ = {isa = PBXFileReference; lastKnownFileType = image.png; path = "checkbox-unchecked@2x.png"; sourceTree = "<group>"; };
		487A75AB16B97DAE008E5626 /* Icon-72@2x.png */ = {isa = PBXFileReference; lastKnownFileType = image.png; name = "Icon-72@2x.png"; path = "Restaurant Day/Icon-72@2x.png"; sourceTree = SOURCE_ROOT; };
		487A75AD16B98E0C008E5626 /* icon-search.png */ = {isa = PBXFileReference; lastKnownFileType = image.png; path = "icon-search.png"; sourceTree = "<group>"; };
		487A75AE16B98E0C008E5626 /* icon-search@2x.png */ = {isa = PBXFileReference; lastKnownFileType = image.png; path = "icon-search@2x.png"; sourceTree = "<group>"; };
		487A75B116B9D184008E5626 /* RestaurantsDataSource.h */ = {isa = PBXFileReference; lastKnownFileType = sourcecode.c.h; name = RestaurantsDataSource.h; path = Controllers/RestaurantsDataSource.h; sourceTree = "<group>"; };
		487A75B916B9F615008E5626 /* icon-pin.png */ = {isa = PBXFileReference; lastKnownFileType = image.png; path = "icon-pin.png"; sourceTree = "<group>"; };
		487A75BA16B9F615008E5626 /* icon-pin@2x.png */ = {isa = PBXFileReference; lastKnownFileType = image.png; path = "icon-pin@2x.png"; sourceTree = "<group>"; };
		487A75BD16B9F996008E5626 /* icon-distance.png */ = {isa = PBXFileReference; lastKnownFileType = image.png; path = "icon-distance.png"; sourceTree = "<group>"; };
		487A75BE16B9F996008E5626 /* icon-distance@2x.png */ = {isa = PBXFileReference; lastKnownFileType = image.png; path = "icon-distance@2x.png"; sourceTree = "<group>"; };
		487A75C116BA0077008E5626 /* MessageUI.framework */ = {isa = PBXFileReference; lastKnownFileType = wrapper.framework; name = MessageUI.framework; path = System/Library/Frameworks/MessageUI.framework; sourceTree = SDKROOT; };
		487AA50C14C1BF13007C4CCF /* RestaurantCell_iPhone.xib */ = {isa = PBXFileReference; fileEncoding = 4; lastKnownFileType = file.xib; path = RestaurantCell_iPhone.xib; sourceTree = "<group>"; };
		487AA50E14C1C1DA007C4CCF /* RestaurantCell.h */ = {isa = PBXFileReference; fileEncoding = 4; lastKnownFileType = sourcecode.c.h; path = RestaurantCell.h; sourceTree = "<group>"; };
		487AA50F14C1C1DA007C4CCF /* RestaurantCell.m */ = {isa = PBXFileReference; fileEncoding = 4; lastKnownFileType = sourcecode.c.objc; lineEnding = 0; path = RestaurantCell.m; sourceTree = "<group>"; xcLanguageSpecificationIdentifier = xcode.lang.objc; };
		48EB843316B8BFDD005540BD /* CoreData.framework */ = {isa = PBXFileReference; lastKnownFileType = wrapper.framework; name = CoreData.framework; path = System/Library/Frameworks/CoreData.framework; sourceTree = SDKROOT; };
		48EB874D16B95B92005540BD /* RestaurantListHeader_iPad.xib */ = {isa = PBXFileReference; fileEncoding = 4; lastKnownFileType = file.xib; path = RestaurantListHeader_iPad.xib; sourceTree = "<group>"; };
		48EB874E16B95B92005540BD /* RestaurantListHeader_iPhone.xib */ = {isa = PBXFileReference; fileEncoding = 4; lastKnownFileType = file.xib; path = RestaurantListHeader_iPhone.xib; sourceTree = "<group>"; };
		48EB875116B963E9005540BD /* RestaurantCell_iPad.xib */ = {isa = PBXFileReference; fileEncoding = 4; lastKnownFileType = file.xib; path = RestaurantCell_iPad.xib; sourceTree = "<group>"; };
		48EB875316B96811005540BD /* bigicon-bar.png */ = {isa = PBXFileReference; lastKnownFileType = image.png; path = "bigicon-bar.png"; sourceTree = "<group>"; };
		48EB875416B96812005540BD /* bigicon-bar@2x.png */ = {isa = PBXFileReference; lastKnownFileType = image.png; path = "bigicon-bar@2x.png"; sourceTree = "<group>"; };
		48EB875516B96813005540BD /* bigicon-cafe.png */ = {isa = PBXFileReference; lastKnownFileType = image.png; path = "bigicon-cafe.png"; sourceTree = "<group>"; };
		48EB875616B96814005540BD /* bigicon-cafe@2x.png */ = {isa = PBXFileReference; lastKnownFileType = image.png; path = "bigicon-cafe@2x.png"; sourceTree = "<group>"; };
		48EB875716B96816005540BD /* bigicon-home.png */ = {isa = PBXFileReference; lastKnownFileType = image.png; path = "bigicon-home.png"; sourceTree = "<group>"; };
		48EB875816B96817005540BD /* bigicon-home@2x.png */ = {isa = PBXFileReference; lastKnownFileType = image.png; path = "bigicon-home@2x.png"; sourceTree = "<group>"; };
		48EB875916B96817005540BD /* bigicon-indoors.png */ = {isa = PBXFileReference; lastKnownFileType = image.png; path = "bigicon-indoors.png"; sourceTree = "<group>"; };
		48EB875A16B96818005540BD /* bigicon-indoors@2x.png */ = {isa = PBXFileReference; lastKnownFileType = image.png; path = "bigicon-indoors@2x.png"; sourceTree = "<group>"; };
		48EB875B16B9681C005540BD /* bigicon-outdoors.png */ = {isa = PBXFileReference; lastKnownFileType = image.png; path = "bigicon-outdoors.png"; sourceTree = "<group>"; };
		48EB875C16B9681C005540BD /* bigicon-outdoors@2x.png */ = {isa = PBXFileReference; lastKnownFileType = image.png; path = "bigicon-outdoors@2x.png"; sourceTree = "<group>"; };
		48EB875D16B9681D005540BD /* bigicon-restaurant.png */ = {isa = PBXFileReference; lastKnownFileType = image.png; path = "bigicon-restaurant.png"; sourceTree = "<group>"; };
		48EB875E16B9681E005540BD /* bigicon-restaurant@2x.png */ = {isa = PBXFileReference; lastKnownFileType = image.png; path = "bigicon-restaurant@2x.png"; sourceTree = "<group>"; };
		48F6AB8015D195B8003EB26D /* RestaurantDay-Prefix.pch */ = {isa = PBXFileReference; fileEncoding = 4; lastKnownFileType = sourcecode.c.h; path = "RestaurantDay-Prefix.pch"; sourceTree = "<group>"; };
		48F6AB8115D19775003EB26D /* arrow-back.png */ = {isa = PBXFileReference; lastKnownFileType = image.png; path = "arrow-back.png"; sourceTree = "<group>"; };
		48F6AB8215D19775003EB26D /* arrow-back@2x.png */ = {isa = PBXFileReference; lastKnownFileType = image.png; path = "arrow-back@2x.png"; sourceTree = "<group>"; };
		8ED3791D91CE40A68A898A81 /* Pods.xcconfig */ = {isa = PBXFileReference; includeInIndex = 1; lastKnownFileType = text.xcconfig; name = Pods.xcconfig; path = Pods/Pods.xcconfig; sourceTree = "<group>"; };
		DD244C5D14C202C4005019A6 /* RestaurantListHeader.h */ = {isa = PBXFileReference; fileEncoding = 4; lastKnownFileType = sourcecode.c.h; path = RestaurantListHeader.h; sourceTree = "<group>"; };
		DD244C5E14C202C4005019A6 /* RestaurantListHeader.m */ = {isa = PBXFileReference; fileEncoding = 4; lastKnownFileType = sourcecode.c.objc; path = RestaurantListHeader.m; sourceTree = "<group>"; };
		DD2A538714C2D1F600456A92 /* RestaurantDayViewController.xib */ = {isa = PBXFileReference; fileEncoding = 4; lastKnownFileType = file.xib; name = RestaurantDayViewController.xib; path = ../Views/RestaurantDayViewController.xib; sourceTree = "<group>"; };
		DD2A538914C2D22C00456A92 /* RestaurantDayViewController.h */ = {isa = PBXFileReference; fileEncoding = 4; lastKnownFileType = sourcecode.c.h; path = RestaurantDayViewController.h; sourceTree = "<group>"; };
		DD2A538A14C2D22C00456A92 /* RestaurantDayViewController.m */ = {isa = PBXFileReference; fileEncoding = 4; lastKnownFileType = sourcecode.c.objc; path = RestaurantDayViewController.m; sourceTree = "<group>"; };
		DDC1C8D914C2EFF100D6740B /* info_BG.png */ = {isa = PBXFileReference; lastKnownFileType = image.png; path = info_BG.png; sourceTree = "<group>"; };
		DDC1C8DA14C2EFF100D6740B /* info_BG@2x.png */ = {isa = PBXFileReference; lastKnownFileType = image.png; path = "info_BG@2x.png"; sourceTree = "<group>"; };
		DDC1C8DE14C30A1E00D6740B /* infopage.png */ = {isa = PBXFileReference; lastKnownFileType = image.png; path = infopage.png; sourceTree = "<group>"; };
		DDC1C8DF14C30A1E00D6740B /* infopage@2x.png */ = {isa = PBXFileReference; lastKnownFileType = image.png; path = "infopage@2x.png"; sourceTree = "<group>"; };
		DDC1C8E214C30E0D00D6740B /* taustakuva.png */ = {isa = PBXFileReference; lastKnownFileType = image.png; path = taustakuva.png; sourceTree = "<group>"; };
		DDC1C8E314C30E0D00D6740B /* taustakuva@2x.png */ = {isa = PBXFileReference; lastKnownFileType = image.png; path = "taustakuva@2x.png"; sourceTree = "<group>"; };
		DDC1C8EB14C4295300D6740B /* InfoDataProvider.h */ = {isa = PBXFileReference; fileEncoding = 4; lastKnownFileType = sourcecode.c.h; path = InfoDataProvider.h; sourceTree = "<group>"; };
		DDC1C8EC14C4295300D6740B /* InfoDataProvider.m */ = {isa = PBXFileReference; fileEncoding = 4; lastKnownFileType = sourcecode.c.objc; path = InfoDataProvider.m; sourceTree = "<group>"; };
		DDC1C8F114C42CDB00D6740B /* Info.h */ = {isa = PBXFileReference; fileEncoding = 4; lastKnownFileType = sourcecode.c.h; path = Info.h; sourceTree = "<group>"; };
		DDC1C8F214C42CDB00D6740B /* Info.m */ = {isa = PBXFileReference; fileEncoding = 4; lastKnownFileType = sourcecode.c.objc; path = Info.m; sourceTree = "<group>"; };
		DDC1C8F414C42E7900D6740B /* Bulletin.h */ = {isa = PBXFileReference; fileEncoding = 4; lastKnownFileType = sourcecode.c.h; path = Bulletin.h; sourceTree = "<group>"; };
		DDC1C8F514C42E7900D6740B /* Bulletin.m */ = {isa = PBXFileReference; fileEncoding = 4; lastKnownFileType = sourcecode.c.objc; path = Bulletin.m; sourceTree = "<group>"; };
		DDC1C8F714C46A8B00D6740B /* icon-locate-new.png */ = {isa = PBXFileReference; lastKnownFileType = image.png; path = "icon-locate-new.png"; sourceTree = "<group>"; };
		DDC1C8F814C46A8B00D6740B /* icon-locate-new@2x.png */ = {isa = PBXFileReference; lastKnownFileType = image.png; path = "icon-locate-new@2x.png"; sourceTree = "<group>"; };
		DDC1C8FB14C480AE00D6740B /* restaurantDescription.css */ = {isa = PBXFileReference; fileEncoding = 4; lastKnownFileType = text.css; path = restaurantDescription.css; sourceTree = "<group>"; };
		DDC1C8FD14C484DF00D6740B /* RestaurantDetailDataProvider.h */ = {isa = PBXFileReference; fileEncoding = 4; lastKnownFileType = sourcecode.c.h; path = RestaurantDetailDataProvider.h; sourceTree = "<group>"; };
		DDC1C8FE14C484DF00D6740B /* RestaurantDetailDataProvider.m */ = {isa = PBXFileReference; fileEncoding = 4; lastKnownFileType = sourcecode.c.objc; path = RestaurantDetailDataProvider.m; sourceTree = "<group>"; };
		DDC1C90014C5FB0000D6740B /* MyWebViewController.h */ = {isa = PBXFileReference; fileEncoding = 4; lastKnownFileType = sourcecode.c.h; path = MyWebViewController.h; sourceTree = "<group>"; };
		DDC1C90114C5FB0000D6740B /* MyWebViewController.m */ = {isa = PBXFileReference; fileEncoding = 4; lastKnownFileType = sourcecode.c.objc; path = MyWebViewController.m; sourceTree = "<group>"; };
		DDC8461014C163150023ACDD /* RestaurantDay.app */ = {isa = PBXFileReference; explicitFileType = wrapper.application; includeInIndex = 0; path = RestaurantDay.app; sourceTree = BUILT_PRODUCTS_DIR; };
		DDC8461414C163150023ACDD /* UIKit.framework */ = {isa = PBXFileReference; lastKnownFileType = wrapper.framework; name = UIKit.framework; path = System/Library/Frameworks/UIKit.framework; sourceTree = SDKROOT; };
		DDC8461614C163150023ACDD /* Foundation.framework */ = {isa = PBXFileReference; lastKnownFileType = wrapper.framework; name = Foundation.framework; path = System/Library/Frameworks/Foundation.framework; sourceTree = SDKROOT; };
		DDC8461814C163150023ACDD /* CoreGraphics.framework */ = {isa = PBXFileReference; lastKnownFileType = wrapper.framework; name = CoreGraphics.framework; path = System/Library/Frameworks/CoreGraphics.framework; sourceTree = SDKROOT; };
		DDC8461C14C163150023ACDD /* RestaurantDay-Info.plist */ = {isa = PBXFileReference; lastKnownFileType = text.plist.xml; path = "RestaurantDay-Info.plist"; sourceTree = "<group>"; };
		DDC8462014C163150023ACDD /* main.m */ = {isa = PBXFileReference; lastKnownFileType = sourcecode.c.objc; lineEnding = 0; path = main.m; sourceTree = "<group>"; xcLanguageSpecificationIdentifier = xcode.lang.objc; };
		DDC8462314C163150023ACDD /* AppDelegate.h */ = {isa = PBXFileReference; lastKnownFileType = sourcecode.c.h; path = AppDelegate.h; sourceTree = "<group>"; };
		DDC8463F14C163150023ACDD /* RestaurantDayTests.octest */ = {isa = PBXFileReference; explicitFileType = wrapper.cfbundle; includeInIndex = 0; path = RestaurantDayTests.octest; sourceTree = BUILT_PRODUCTS_DIR; };
		DDC8464014C163150023ACDD /* SenTestingKit.framework */ = {isa = PBXFileReference; lastKnownFileType = wrapper.framework; name = SenTestingKit.framework; path = Library/Frameworks/SenTestingKit.framework; sourceTree = DEVELOPER_DIR; };
		DDC8464814C163150023ACDD /* RestaurantDayTests-Info.plist */ = {isa = PBXFileReference; lastKnownFileType = text.plist.xml; path = "RestaurantDayTests-Info.plist"; sourceTree = "<group>"; };
		DDC8464A14C163150023ACDD /* en */ = {isa = PBXFileReference; lastKnownFileType = text.plist.strings; name = en; path = en.lproj/InfoPlist.strings; sourceTree = "<group>"; };
		DDC8464C14C163150023ACDD /* Restaurant_DayTests.h */ = {isa = PBXFileReference; lastKnownFileType = sourcecode.c.h; path = Restaurant_DayTests.h; sourceTree = "<group>"; };
		DDC8464D14C163150023ACDD /* Restaurant_DayTests.m */ = {isa = PBXFileReference; lastKnownFileType = sourcecode.c.objc; path = Restaurant_DayTests.m; sourceTree = "<group>"; };
		DDC8465814C1648C0023ACDD /* ListViewController.h */ = {isa = PBXFileReference; fileEncoding = 4; lastKnownFileType = sourcecode.c.h; path = ListViewController.h; sourceTree = "<group>"; };
		DDC8465914C1648C0023ACDD /* ListViewController.m */ = {isa = PBXFileReference; fileEncoding = 4; lastKnownFileType = sourcecode.c.objc; lineEnding = 0; path = ListViewController.m; sourceTree = "<group>"; xcLanguageSpecificationIdentifier = xcode.lang.objc; };
		DDC8465A14C1648C0023ACDD /* MapViewController.h */ = {isa = PBXFileReference; fileEncoding = 4; lastKnownFileType = sourcecode.c.h; path = MapViewController.h; sourceTree = "<group>"; };
		DDC8465B14C1648C0023ACDD /* MapViewController.m */ = {isa = PBXFileReference; fileEncoding = 4; lastKnownFileType = sourcecode.c.objc; path = MapViewController.m; sourceTree = "<group>"; };
		DDC8466014C1648C0023ACDD /* MapViewController.xib */ = {isa = PBXFileReference; fileEncoding = 4; lastKnownFileType = file.xib; name = MapViewController.xib; path = ../Views/MapViewController.xib; sourceTree = "<group>"; };
		DDC8466514C164E70023ACDD /* Restaurant.h */ = {isa = PBXFileReference; fileEncoding = 4; lastKnownFileType = sourcecode.c.h; path = Restaurant.h; sourceTree = "<group>"; };
		DDC8466614C164E70023ACDD /* Restaurant.m */ = {isa = PBXFileReference; fileEncoding = 4; lastKnownFileType = sourcecode.c.objc; path = Restaurant.m; sourceTree = "<group>"; };
		DDC8466814C1655C0023ACDD /* CoreLocation.framework */ = {isa = PBXFileReference; lastKnownFileType = wrapper.framework; name = CoreLocation.framework; path = System/Library/Frameworks/CoreLocation.framework; sourceTree = SDKROOT; };
		DDC8466A14C165D50023ACDD /* RestaurantDataProvider.h */ = {isa = PBXFileReference; fileEncoding = 4; lastKnownFileType = sourcecode.c.h; path = RestaurantDataProvider.h; sourceTree = "<group>"; };
		DDC8466B14C165D50023ACDD /* RestaurantDataProvider.m */ = {isa = PBXFileReference; fileEncoding = 4; lastKnownFileType = sourcecode.c.objc; path = RestaurantDataProvider.m; sourceTree = "<group>"; };
		DDC8466D14C1711E0023ACDD /* MapKit.framework */ = {isa = PBXFileReference; lastKnownFileType = wrapper.framework; name = MapKit.framework; path = System/Library/Frameworks/MapKit.framework; sourceTree = SDKROOT; };
		DDC846AB14C1816E0023ACDD /* CFNetwork.framework */ = {isa = PBXFileReference; lastKnownFileType = wrapper.framework; name = CFNetwork.framework; path = System/Library/Frameworks/CFNetwork.framework; sourceTree = SDKROOT; };
		DDC846AD14C181720023ACDD /* SystemConfiguration.framework */ = {isa = PBXFileReference; lastKnownFileType = wrapper.framework; name = SystemConfiguration.framework; path = System/Library/Frameworks/SystemConfiguration.framework; sourceTree = SDKROOT; };
		DDC846AF14C1817C0023ACDD /* MobileCoreServices.framework */ = {isa = PBXFileReference; lastKnownFileType = wrapper.framework; name = MobileCoreServices.framework; path = System/Library/Frameworks/MobileCoreServices.framework; sourceTree = SDKROOT; };
		DDC846B114C1818B0023ACDD /* libz.dylib */ = {isa = PBXFileReference; lastKnownFileType = "compiled.mach-o.dylib"; name = libz.dylib; path = usr/lib/libz.dylib; sourceTree = SDKROOT; };
		DDC846FA14C18D4F0023ACDD /* restaurants.json */ = {isa = PBXFileReference; fileEncoding = 4; lastKnownFileType = text.json; path = restaurants.json; sourceTree = "<group>"; };
		DDC8470414C1AC8B0023ACDD /* RestaurantViewController.h */ = {isa = PBXFileReference; fileEncoding = 4; lastKnownFileType = sourcecode.c.h; path = RestaurantViewController.h; sourceTree = "<group>"; };
		DDC8470514C1AC8B0023ACDD /* RestaurantViewController.m */ = {isa = PBXFileReference; fileEncoding = 4; lastKnownFileType = sourcecode.c.objc; lineEnding = 0; path = RestaurantViewController.m; sourceTree = "<group>"; xcLanguageSpecificationIdentifier = xcode.lang.objc; };
		DDC8470814C1AC9B0023ACDD /* RestaurantViewController.xib */ = {isa = PBXFileReference; fileEncoding = 4; lastKnownFileType = file.xib; name = RestaurantViewController.xib; path = ../Views/RestaurantViewController.xib; sourceTree = "<group>"; };
		DDF739B514C1CD6D0008ADEC /* RestaurantMapViewController.h */ = {isa = PBXFileReference; fileEncoding = 4; lastKnownFileType = sourcecode.c.h; path = RestaurantMapViewController.h; sourceTree = "<group>"; };
		DDF739B614C1CD6D0008ADEC /* RestaurantMapViewController.m */ = {isa = PBXFileReference; fileEncoding = 4; lastKnownFileType = sourcecode.c.objc; path = RestaurantMapViewController.m; sourceTree = "<group>"; };
/* End PBXFileReference section */

/* Begin PBXFrameworksBuildPhase section */
		DDC8460D14C163150023ACDD /* Frameworks */ = {
			isa = PBXFrameworksBuildPhase;
			buildActionMask = 2147483647;
			files = (
				DDC846B214C1818B0023ACDD /* libz.dylib in Frameworks */,
				DDC8461714C163150023ACDD /* Foundation.framework in Frameworks */,
				DDC8461514C163150023ACDD /* UIKit.framework in Frameworks */,
				DDC8461914C163150023ACDD /* CoreGraphics.framework in Frameworks */,
				DDC846AC14C1816E0023ACDD /* CFNetwork.framework in Frameworks */,
				48EB843416B8BFDD005540BD /* CoreData.framework in Frameworks */,
				DDC8466914C1655D0023ACDD /* CoreLocation.framework in Frameworks */,
				DDC8466E14C1711E0023ACDD /* MapKit.framework in Frameworks */,
				487A75C216BA0078008E5626 /* MessageUI.framework in Frameworks */,
				DDC846B014C1817C0023ACDD /* MobileCoreServices.framework in Frameworks */,
				481AB02B14C1E64600C0B566 /* QuartzCore.framework in Frameworks */,
				DDC846AE14C181720023ACDD /* SystemConfiguration.framework in Frameworks */,
				1F0009F0D3EE43DAA5ADA3D4 /* libPods.a in Frameworks */,
			);
			runOnlyForDeploymentPostprocessing = 0;
		};
		DDC8463B14C163150023ACDD /* Frameworks */ = {
			isa = PBXFrameworksBuildPhase;
			buildActionMask = 2147483647;
			files = (
				DDC8464114C163150023ACDD /* SenTestingKit.framework in Frameworks */,
				DDC8464214C163150023ACDD /* UIKit.framework in Frameworks */,
				DDC8464314C163150023ACDD /* Foundation.framework in Frameworks */,
			);
			runOnlyForDeploymentPostprocessing = 0;
		};
/* End PBXFrameworksBuildPhase section */

/* Begin PBXGroup section */
		487AA51514C1DC0A007C4CCF /* Images */ = {
			isa = PBXGroup;
			children = (
				481A3E6414C395580072246D /* Icon.png */,
				481A3E6314C395580072246D /* Icon@2x.png */,
				481A3E6514C395580072246D /* Icon-72.png */,
				487A75AB16B97DAE008E5626 /* Icon-72@2x.png */,
				4803187816AAF103003C9EE4 /* Default-568h@2x.png */,
				DDC1C8E214C30E0D00D6740B /* taustakuva.png */,
				DDC1C8E314C30E0D00D6740B /* taustakuva@2x.png */,
				48F6AB8115D19775003EB26D /* arrow-back.png */,
				48F6AB8215D19775003EB26D /* arrow-back@2x.png */,
				48EB875316B96811005540BD /* bigicon-bar.png */,
				48EB875416B96812005540BD /* bigicon-bar@2x.png */,
				48EB875516B96813005540BD /* bigicon-cafe.png */,
				48EB875616B96814005540BD /* bigicon-cafe@2x.png */,
				48EB875716B96816005540BD /* bigicon-home.png */,
				48EB875816B96817005540BD /* bigicon-home@2x.png */,
				48EB875916B96817005540BD /* bigicon-indoors.png */,
				48EB875A16B96818005540BD /* bigicon-indoors@2x.png */,
				48EB875B16B9681C005540BD /* bigicon-outdoors.png */,
				48EB875C16B9681C005540BD /* bigicon-outdoors@2x.png */,
				48EB875D16B9681D005540BD /* bigicon-restaurant.png */,
				48EB875E16B9681E005540BD /* bigicon-restaurant@2x.png */,
				481AB09614C2257400C0B566 /* box-shadow.png */,
				481AB09714C2257400C0B566 /* box-shadow@2x.png */,
				481AB0A214C232C800C0B566 /* checkbox-checked.png */,
				481AB0A314C232C800C0B566 /* checkbox-checked@2x.png */,
				481AB0A414C232C900C0B566 /* checkbox-unchecked.png */,
				481AB0A514C232C900C0B566 /* checkbox-unchecked@2x.png */,
				481AB09E14C22C1100C0B566 /* dash-pattern.png */,
				481AB09F14C22C1100C0B566 /* dash-pattern@2x.png */,
				481AB09A14C2297400C0B566 /* favorite-corner.png */,
				481AB09B14C2297400C0B566 /* favorite-corner@2x.png */,
				481AB03E14C1FF2400C0B566 /* footer-favorites.png */,
				481AB03F14C1FF2400C0B566 /* footer-favorites@2x.png */,
				481AB04014C1FF2400C0B566 /* footer-home.png */,
				481AB04114C1FF2400C0B566 /* footer-home@2x.png */,
				481AB04214C1FF2400C0B566 /* footer-map.png */,
				481AB04314C1FF2400C0B566 /* footer-map@2x.png */,
				481AB04414C1FF2400C0B566 /* footer-section.png */,
				481AB04514C1FF2400C0B566 /* footer-section@2x.png */,
				481AB04C14C1FF2400C0B566 /* icon-clock.png */,
				481AB04D14C1FF2400C0B566 /* icon-clock@2x.png */,
				487A75BD16B9F996008E5626 /* icon-distance.png */,
				487A75BE16B9F996008E5626 /* icon-distance@2x.png */,
				481A3E4414C23E0C0072246D /* icon-locate.png */,
				481A3E4514C23E0C0072246D /* icon-locate@2x.png */,
				DDC1C8F714C46A8B00D6740B /* icon-locate-new.png */,
				DDC1C8F814C46A8B00D6740B /* icon-locate-new@2x.png */,
				481AB04E14C1FF2400C0B566 /* icon-location.png */,
				481AB04F14C1FF2400C0B566 /* icon-location@2x.png */,
				487A75B916B9F615008E5626 /* icon-pin.png */,
				487A75BA16B9F615008E5626 /* icon-pin@2x.png */,
				487A75AD16B98E0C008E5626 /* icon-search.png */,
				487A75AE16B98E0C008E5626 /* icon-search@2x.png */,
				481A3E4B14C240960072246D /* icon-star.png */,
				481A3E4C14C240960072246D /* icon-star@2x.png */,
				481A3E5114C241CA0072246D /* icon-star-empty.png */,
				481A3E5214C241CA0072246D /* icon-star-empty@2x.png */,
				481A3E4914C240960072246D /* icon-star-full.png */,
				481A3E4A14C240960072246D /* icon-star-full@2x.png */,
				481A3E9214CE27060072246D /* icon-bar.png */,
				481A3E9314CE27060072246D /* icon-bar@2x.png */,
				481A3E9414CE27060072246D /* icon-cafe.png */,
				481A3E9514CE27060072246D /* icon-cafe@2x.png */,
				481A3E9614CE27060072246D /* icon-home.png */,
				481A3E9714CE27060072246D /* icon-home@2x.png */,
				481A3E9814CE27060072246D /* icon-indoors.png */,
				481A3E9914CE27070072246D /* icon-indoors@2x.png */,
				481A3E9A14CE27070072246D /* icon-outdoors.png */,
				481A3E9B14CE27070072246D /* icon-outdoors@2x.png */,
				481A3E9C14CE27070072246D /* icon-restaurant.png */,
				481A3E9D14CE27070072246D /* icon-restaurant@2x.png */,
				DDC1C8D914C2EFF100D6740B /* info_BG.png */,
				DDC1C8DA14C2EFF100D6740B /* info_BG@2x.png */,
				DDC1C8DE14C30A1E00D6740B /* infopage.png */,
				DDC1C8DF14C30A1E00D6740B /* infopage@2x.png */,
				481AB05214C1FF2400C0B566 /* navi-gradient.png */,
				481AB05314C1FF2400C0B566 /* navi-gradient@2x.png */,
				481AB03814C1FF2400C0B566 /* pin-closed-star.png */,
				481AB03914C1FF2400C0B566 /* pin-closed-star@2x.png */,
				481AB03A14C1FF2400C0B566 /* pin-closed.png */,
				481AB03B14C1FF2400C0B566 /* pin-closed@2x.png */,
				481AB04614C1FF2400C0B566 /* pin-generic-star.png */,
				481AB04714C1FF2400C0B566 /* pin-generic-star@2x.png */,
				481AB04814C1FF2400C0B566 /* pin-generic.png */,
				481AB04914C1FF2400C0B566 /* pin-generic@2x.png */,
				481AB05414C1FF2400C0B566 /* pin-open-star.png */,
				481AB05514C1FF2400C0B566 /* pin-open-star@2x.png */,
				481AB05614C1FF2400C0B566 /* pin-open.png */,
				481AB05714C1FF2400C0B566 /* pin-open@2x.png */,
				481AB05C14C1FF2400C0B566 /* time-gradient-gray.png */,
				481AB05D14C1FF2400C0B566 /* time-gradient-gray@2x.png */,
				481AB05E14C1FF2400C0B566 /* time-gradient.png */,
				481AB05F14C1FF2400C0B566 /* time-gradient@2x.png */,
				481AB03614C1FF2400C0B566 /* type-bar.png */,
				481AB03714C1FF2400C0B566 /* type-bar@2x.png */,
				481AB03C14C1FF2400C0B566 /* type-coffee.png */,
				481AB03D14C1FF2400C0B566 /* type-coffee@2x.png */,
				481AB04A14C1FF2400C0B566 /* type-home.png */,
				481AB04B14C1FF2400C0B566 /* type-home@2x.png */,
				481AB05014C1FF2400C0B566 /* type-inside.png */,
				481AB05114C1FF2400C0B566 /* type-inside@2x.png */,
				481AB05814C1FF2400C0B566 /* type-outside.png */,
				481AB05914C1FF2400C0B566 /* type-outside@2x.png */,
				481AB05A14C1FF2400C0B566 /* type-restaurant.png */,
				481AB05B14C1FF2400C0B566 /* type-restaurant@2x.png */,
			);
			path = Images;
			sourceTree = "<group>";
		};
		DDC8460514C163150023ACDD = {
			isa = PBXGroup;
			children = (
				DDC8461A14C163150023ACDD /* RestaurantDay */,
				DDC8464614C163150023ACDD /* RestaurantDayTests */,
				DDC8461314C163150023ACDD /* Frameworks */,
				DDC8461114C163150023ACDD /* Products */,
				8ED3791D91CE40A68A898A81 /* Pods.xcconfig */,
			);
			sourceTree = "<group>";
		};
		DDC8461114C163150023ACDD /* Products */ = {
			isa = PBXGroup;
			children = (
				DDC8461014C163150023ACDD /* RestaurantDay.app */,
				DDC8463F14C163150023ACDD /* RestaurantDayTests.octest */,
			);
			name = Products;
			sourceTree = "<group>";
		};
		DDC8461314C163150023ACDD /* Frameworks */ = {
			isa = PBXGroup;
			children = (
				DDC846B114C1818B0023ACDD /* libz.dylib */,
				DDC846AB14C1816E0023ACDD /* CFNetwork.framework */,
				48EB843316B8BFDD005540BD /* CoreData.framework */,
				DDC8461814C163150023ACDD /* CoreGraphics.framework */,
				DDC8466814C1655C0023ACDD /* CoreLocation.framework */,
				DDC8461614C163150023ACDD /* Foundation.framework */,
				DDC8466D14C1711E0023ACDD /* MapKit.framework */,
				487A75C116BA0077008E5626 /* MessageUI.framework */,
				DDC846AF14C1817C0023ACDD /* MobileCoreServices.framework */,
				481AB02A14C1E64600C0B566 /* QuartzCore.framework */,
				DDC8464014C163150023ACDD /* SenTestingKit.framework */,
				DDC846AD14C181720023ACDD /* SystemConfiguration.framework */,
				DDC8461414C163150023ACDD /* UIKit.framework */,
				0475F20C2F224213B1CEE6DE /* libPods.a */,
			);
			name = Frameworks;
			sourceTree = "<group>";
		};
		DDC8461A14C163150023ACDD /* RestaurantDay */ = {
			isa = PBXGroup;
			children = (
				DDC8468714C1807E0023ACDD /* External */,
				DDC8462314C163150023ACDD /* AppDelegate.h */,
				481A3E6914C39A8F0072246D /* AppDelegate.m */,
				487A75B116B9D184008E5626 /* RestaurantsDataSource.h */,
				DDC8465C14C1648C0023ACDD /* DataProviders */,
				DDC8465D14C1648C0023ACDD /* Models */,
				DDC8465714C1648C0023ACDD /* Controllers */,
				DDC8465E14C1648C0023ACDD /* Views */,
				DDC8461B14C163150023ACDD /* Supporting Files */,
				487AA51514C1DC0A007C4CCF /* Images */,
			);
			name = RestaurantDay;
			path = "Restaurant Day";
			sourceTree = "<group>";
		};
		DDC8461B14C163150023ACDD /* Supporting Files */ = {
			isa = PBXGroup;
			children = (
				481A3E6114C392A10072246D /* Localizable.strings */,
				DDC8461C14C163150023ACDD /* RestaurantDay-Info.plist */,
				48F6AB8015D195B8003EB26D /* RestaurantDay-Prefix.pch */,
				DDC8462014C163150023ACDD /* main.m */,
				481AB09014C212F000C0B566 /* Definitions.h */,
				DDC1C8FB14C480AE00D6740B /* restaurantDescription.css */,
			);
			name = "Supporting Files";
			sourceTree = "<group>";
		};
		DDC8464614C163150023ACDD /* RestaurantDayTests */ = {
			isa = PBXGroup;
			children = (
				DDC8464C14C163150023ACDD /* Restaurant_DayTests.h */,
				DDC8464D14C163150023ACDD /* Restaurant_DayTests.m */,
				DDC8464714C163150023ACDD /* Supporting Files */,
			);
			name = RestaurantDayTests;
			path = "Restaurant DayTests";
			sourceTree = "<group>";
		};
		DDC8464714C163150023ACDD /* Supporting Files */ = {
			isa = PBXGroup;
			children = (
				DDC8464814C163150023ACDD /* RestaurantDayTests-Info.plist */,
				DDC8464914C163150023ACDD /* InfoPlist.strings */,
				DDC846FA14C18D4F0023ACDD /* restaurants.json */,
			);
			name = "Supporting Files";
			sourceTree = "<group>";
		};
		DDC8465714C1648C0023ACDD /* Controllers */ = {
			isa = PBXGroup;
			children = (
				DDC8465814C1648C0023ACDD /* ListViewController.h */,
				DDC8465914C1648C0023ACDD /* ListViewController.m */,
				DDC8465A14C1648C0023ACDD /* MapViewController.h */,
				DDC8465B14C1648C0023ACDD /* MapViewController.m */,
				DDC8466014C1648C0023ACDD /* MapViewController.xib */,
				DDC1C90014C5FB0000D6740B /* MyWebViewController.h */,
				DDC1C90114C5FB0000D6740B /* MyWebViewController.m */,
				DD2A538914C2D22C00456A92 /* RestaurantDayViewController.h */,
				DD2A538A14C2D22C00456A92 /* RestaurantDayViewController.m */,
				DD2A538714C2D1F600456A92 /* RestaurantDayViewController.xib */,
				DDF739B514C1CD6D0008ADEC /* RestaurantMapViewController.h */,
				DDF739B614C1CD6D0008ADEC /* RestaurantMapViewController.m */,
				DDC8470414C1AC8B0023ACDD /* RestaurantViewController.h */,
				DDC8470514C1AC8B0023ACDD /* RestaurantViewController.m */,
				DDC8470814C1AC9B0023ACDD /* RestaurantViewController.xib */,
				481AB08E14C2110100C0B566 /* CustomNavigationController.xib */,
			);
			path = Controllers;
			sourceTree = "<group>";
		};
		DDC8465C14C1648C0023ACDD /* DataProviders */ = {
			isa = PBXGroup;
			children = (
				DDC8466A14C165D50023ACDD /* RestaurantDataProvider.h */,
				DDC8466B14C165D50023ACDD /* RestaurantDataProvider.m */,
				DDC1C8FD14C484DF00D6740B /* RestaurantDetailDataProvider.h */,
				DDC1C8FE14C484DF00D6740B /* RestaurantDetailDataProvider.m */,
				DDC1C8EB14C4295300D6740B /* InfoDataProvider.h */,
				DDC1C8EC14C4295300D6740B /* InfoDataProvider.m */,
			);
			path = DataProviders;
			sourceTree = "<group>";
		};
		DDC8465D14C1648C0023ACDD /* Models */ = {
			isa = PBXGroup;
			children = (
				DDC8466514C164E70023ACDD /* Restaurant.h */,
				DDC8466614C164E70023ACDD /* Restaurant.m */,
				DDC1C8F114C42CDB00D6740B /* Info.h */,
				DDC1C8F214C42CDB00D6740B /* Info.m */,
				DDC1C8F414C42E7900D6740B /* Bulletin.h */,
				DDC1C8F514C42E7900D6740B /* Bulletin.m */,
				481A3E8214C9BFB50072246D /* NSDictionary+Parsing.h */,
				481A3E8314C9BFB60072246D /* NSDictionary+Parsing.m */,
			);
			path = Models;
			sourceTree = "<group>";
		};
		DDC8465E14C1648C0023ACDD /* Views */ = {
			isa = PBXGroup;
			children = (
				487AA50E14C1C1DA007C4CCF /* RestaurantCell.h */,
				487AA50F14C1C1DA007C4CCF /* RestaurantCell.m */,
				48EB875116B963E9005540BD /* RestaurantCell_iPad.xib */,
				487AA50C14C1BF13007C4CCF /* RestaurantCell_iPhone.xib */,
				DD244C5D14C202C4005019A6 /* RestaurantListHeader.h */,
				DD244C5E14C202C4005019A6 /* RestaurantListHeader.m */,
				48EB874D16B95B92005540BD /* RestaurantListHeader_iPad.xib */,
				48EB874E16B95B92005540BD /* RestaurantListHeader_iPhone.xib */,
				481AB03114C1ECD100C0B566 /* UIView+Extras.h */,
				481AB03214C1ECD100C0B566 /* UIView+Extras.m */,
			);
			path = Views;
			sourceTree = "<group>";
		};
		DDC8468714C1807E0023ACDD /* External */ = {
			isa = PBXGroup;
			children = (
			);
			path = External;
			sourceTree = "<group>";
		};
/* End PBXGroup section */

/* Begin PBXNativeTarget section */
		DDC8460F14C163150023ACDD /* RestaurantDay */ = {
			isa = PBXNativeTarget;
			buildConfigurationList = DDC8465114C163150023ACDD /* Build configuration list for PBXNativeTarget "RestaurantDay" */;
			buildPhases = (
				8D94CD2C6B304009BEE63040 /* Check Pods Manifest.lock */,
				DDC8460C14C163150023ACDD /* Sources */,
				DDC8460D14C163150023ACDD /* Frameworks */,
				DDC8460E14C163150023ACDD /* Resources */,
				F5BEAFB9D17448FD9EB9610E /* Copy Pods Resources */,
			);
			buildRules = (
			);
			dependencies = (
			);
			name = RestaurantDay;
			productName = "Restaurant Day";
			productReference = DDC8461014C163150023ACDD /* RestaurantDay.app */;
			productType = "com.apple.product-type.application";
		};
		DDC8463E14C163150023ACDD /* RestaurantDayTests */ = {
			isa = PBXNativeTarget;
			buildConfigurationList = DDC8465414C163150023ACDD /* Build configuration list for PBXNativeTarget "RestaurantDayTests" */;
			buildPhases = (
				DDC8463A14C163150023ACDD /* Sources */,
				DDC8463B14C163150023ACDD /* Frameworks */,
				DDC8463C14C163150023ACDD /* Resources */,
				DDC8463D14C163150023ACDD /* ShellScript */,
			);
			buildRules = (
			);
			dependencies = (
				DDC8464514C163150023ACDD /* PBXTargetDependency */,
			);
			name = RestaurantDayTests;
			productName = "Restaurant DayTests";
			productReference = DDC8463F14C163150023ACDD /* RestaurantDayTests.octest */;
			productType = "com.apple.product-type.bundle";
		};
/* End PBXNativeTarget section */

/* Begin PBXProject section */
		DDC8460714C163150023ACDD /* Project object */ = {
			isa = PBXProject;
			attributes = {
				LastTestingUpgradeCheck = 0510;
				LastUpgradeCheck = 0510;
				ORGANIZATIONNAME = "-";
			};
			buildConfigurationList = DDC8460A14C163150023ACDD /* Build configuration list for PBXProject "RestaurantDay" */;
			compatibilityVersion = "Xcode 3.2";
			developmentRegion = English;
			hasScannedForEncodings = 0;
			knownRegions = (
				en,
				fi,
			);
			mainGroup = DDC8460514C163150023ACDD;
			productRefGroup = DDC8461114C163150023ACDD /* Products */;
			projectDirPath = "";
			projectRoot = "";
			targets = (
				DDC8460F14C163150023ACDD /* RestaurantDay */,
				DDC8463E14C163150023ACDD /* RestaurantDayTests */,
			);
		};
/* End PBXProject section */

/* Begin PBXResourcesBuildPhase section */
		DDC8460E14C163150023ACDD /* Resources */ = {
			isa = PBXResourcesBuildPhase;
			buildActionMask = 2147483647;
			files = (
				DDC8466414C1648C0023ACDD /* MapViewController.xib in Resources */,
				DDC846FB14C18D4F0023ACDD /* restaurants.json in Resources */,
				487AA50D14C1BF13007C4CCF /* RestaurantCell_iPhone.xib in Resources */,
				DDC8470914C1AC9B0023ACDD /* RestaurantViewController.xib in Resources */,
				481AB06014C1FF2400C0B566 /* type-bar.png in Resources */,
				481AB06114C1FF2400C0B566 /* type-bar@2x.png in Resources */,
				481AB06214C1FF2400C0B566 /* pin-closed-star.png in Resources */,
				481AB06314C1FF2400C0B566 /* pin-closed-star@2x.png in Resources */,
				481AB06414C1FF2400C0B566 /* pin-closed.png in Resources */,
				481AB06514C1FF2400C0B566 /* pin-closed@2x.png in Resources */,
				481AB06614C1FF2400C0B566 /* type-coffee.png in Resources */,
				481AB06714C1FF2400C0B566 /* type-coffee@2x.png in Resources */,
				481AB06814C1FF2400C0B566 /* footer-favorites.png in Resources */,
				481AB06914C1FF2400C0B566 /* footer-favorites@2x.png in Resources */,
				481AB06A14C1FF2400C0B566 /* footer-home.png in Resources */,
				481AB06B14C1FF2400C0B566 /* footer-home@2x.png in Resources */,
				481AB06C14C1FF2400C0B566 /* footer-map.png in Resources */,
				481AB06D14C1FF2400C0B566 /* footer-map@2x.png in Resources */,
				481AB06E14C1FF2400C0B566 /* footer-section.png in Resources */,
				481AB06F14C1FF2400C0B566 /* footer-section@2x.png in Resources */,
				481AB07014C1FF2400C0B566 /* pin-generic-star.png in Resources */,
				481AB07114C1FF2400C0B566 /* pin-generic-star@2x.png in Resources */,
				481AB07214C1FF2400C0B566 /* pin-generic.png in Resources */,
				481AB07314C1FF2400C0B566 /* pin-generic@2x.png in Resources */,
				481AB07414C1FF2400C0B566 /* type-home.png in Resources */,
				481AB07514C1FF2400C0B566 /* type-home@2x.png in Resources */,
				481AB07614C1FF2400C0B566 /* icon-clock.png in Resources */,
				481AB07714C1FF2400C0B566 /* icon-clock@2x.png in Resources */,
				481AB07814C1FF2400C0B566 /* icon-location.png in Resources */,
				481AB07914C1FF2400C0B566 /* icon-location@2x.png in Resources */,
				481AB07A14C1FF2400C0B566 /* type-inside.png in Resources */,
				481AB07B14C1FF2400C0B566 /* type-inside@2x.png in Resources */,
				481AB07C14C1FF2400C0B566 /* navi-gradient.png in Resources */,
				481AB07D14C1FF2400C0B566 /* navi-gradient@2x.png in Resources */,
				481AB07E14C1FF2400C0B566 /* pin-open-star.png in Resources */,
				481AB07F14C1FF2400C0B566 /* pin-open-star@2x.png in Resources */,
				481AB08014C1FF2400C0B566 /* pin-open.png in Resources */,
				481AB08114C1FF2400C0B566 /* pin-open@2x.png in Resources */,
				481AB08214C1FF2400C0B566 /* type-outside.png in Resources */,
				481AB08314C1FF2400C0B566 /* type-outside@2x.png in Resources */,
				481AB08414C1FF2400C0B566 /* type-restaurant.png in Resources */,
				481AB08514C1FF2400C0B566 /* type-restaurant@2x.png in Resources */,
				481AB08614C1FF2400C0B566 /* time-gradient-gray.png in Resources */,
				481AB08714C1FF2400C0B566 /* time-gradient-gray@2x.png in Resources */,
				481AB08814C1FF2400C0B566 /* time-gradient.png in Resources */,
				481AB08914C1FF2400C0B566 /* time-gradient@2x.png in Resources */,
				481AB08F14C2110100C0B566 /* CustomNavigationController.xib in Resources */,
				481AB09814C2257400C0B566 /* box-shadow.png in Resources */,
				481AB09914C2257400C0B566 /* box-shadow@2x.png in Resources */,
				481AB09C14C2297400C0B566 /* favorite-corner.png in Resources */,
				481AB09D14C2297400C0B566 /* favorite-corner@2x.png in Resources */,
				481AB0A014C22C1100C0B566 /* dash-pattern.png in Resources */,
				481AB0A114C22C1100C0B566 /* dash-pattern@2x.png in Resources */,
				481AB0A614C232C900C0B566 /* checkbox-checked.png in Resources */,
				481AB0A714C232C900C0B566 /* checkbox-checked@2x.png in Resources */,
				481AB0A814C232C900C0B566 /* checkbox-unchecked.png in Resources */,
				481AB0A914C232C900C0B566 /* checkbox-unchecked@2x.png in Resources */,
				481A3E4614C23E0C0072246D /* icon-locate.png in Resources */,
				481A3E4714C23E0C0072246D /* icon-locate@2x.png in Resources */,
				481A3E4D14C240960072246D /* icon-star-full.png in Resources */,
				481A3E4E14C240960072246D /* icon-star-full@2x.png in Resources */,
				481A3E4F14C240960072246D /* icon-star.png in Resources */,
				481A3E5014C240960072246D /* icon-star@2x.png in Resources */,
				481A3E5314C241CA0072246D /* icon-star-empty.png in Resources */,
				481A3E5414C241CA0072246D /* icon-star-empty@2x.png in Resources */,
				DD2A538814C2D1F600456A92 /* RestaurantDayViewController.xib in Resources */,
				DDC1C8DB14C2EFF100D6740B /* info_BG.png in Resources */,
				DDC1C8DC14C2EFF100D6740B /* info_BG@2x.png in Resources */,
				DDC1C8E014C30A1E00D6740B /* infopage.png in Resources */,
				DDC1C8E114C30A1E00D6740B /* infopage@2x.png in Resources */,
				DDC1C8E414C30E0D00D6740B /* taustakuva.png in Resources */,
				DDC1C8E514C30E0D00D6740B /* taustakuva@2x.png in Resources */,
				481A3E5F14C392A10072246D /* Localizable.strings in Resources */,
				481A3E6614C395580072246D /* Icon@2x.png in Resources */,
				481A3E6714C395580072246D /* Icon.png in Resources */,
				481A3E6814C395580072246D /* Icon-72.png in Resources */,
				DDC1C8F914C46A8B00D6740B /* icon-locate-new.png in Resources */,
				DDC1C8FA14C46A8B00D6740B /* icon-locate-new@2x.png in Resources */,
				DDC1C8FC14C480AE00D6740B /* restaurantDescription.css in Resources */,
				481A3E9E14CE27070072246D /* icon-bar.png in Resources */,
				481A3E9F14CE27070072246D /* icon-bar@2x.png in Resources */,
				481A3EA014CE27070072246D /* icon-cafe.png in Resources */,
				481A3EA114CE27070072246D /* icon-cafe@2x.png in Resources */,
				481A3EA214CE27070072246D /* icon-home.png in Resources */,
				481A3EA314CE27070072246D /* icon-home@2x.png in Resources */,
				481A3EA414CE27070072246D /* icon-indoors.png in Resources */,
				481A3EA514CE27070072246D /* icon-indoors@2x.png in Resources */,
				481A3EA614CE27070072246D /* icon-outdoors.png in Resources */,
				481A3EA714CE27070072246D /* icon-outdoors@2x.png in Resources */,
				481A3EA814CE27070072246D /* icon-restaurant.png in Resources */,
				481A3EA914CE27070072246D /* icon-restaurant@2x.png in Resources */,
				48F6AB8315D19775003EB26D /* arrow-back.png in Resources */,
				48F6AB8415D19775003EB26D /* arrow-back@2x.png in Resources */,
				4803187916AAF103003C9EE4 /* Default-568h@2x.png in Resources */,
				48EB874F16B95B92005540BD /* RestaurantListHeader_iPad.xib in Resources */,
				48EB875016B95B92005540BD /* RestaurantListHeader_iPhone.xib in Resources */,
				48EB875216B963E9005540BD /* RestaurantCell_iPad.xib in Resources */,
				48EB875F16B9681E005540BD /* bigicon-bar.png in Resources */,
				48EB876016B9681E005540BD /* bigicon-bar@2x.png in Resources */,
				48EB876116B9681E005540BD /* bigicon-cafe.png in Resources */,
				48EB876216B9681E005540BD /* bigicon-cafe@2x.png in Resources */,
				48EB876316B9681E005540BD /* bigicon-home.png in Resources */,
				48EB876416B9681E005540BD /* bigicon-home@2x.png in Resources */,
				48EB876516B9681E005540BD /* bigicon-indoors.png in Resources */,
				48EB876616B9681E005540BD /* bigicon-indoors@2x.png in Resources */,
				48EB876716B9681E005540BD /* bigicon-outdoors.png in Resources */,
				48EB876816B9681E005540BD /* bigicon-outdoors@2x.png in Resources */,
				48EB876916B9681E005540BD /* bigicon-restaurant.png in Resources */,
				48EB876A16B9681E005540BD /* bigicon-restaurant@2x.png in Resources */,
				487A75AC16B97DAE008E5626 /* Icon-72@2x.png in Resources */,
				487A75AF16B98E0C008E5626 /* icon-search.png in Resources */,
				487A75B016B98E0C008E5626 /* icon-search@2x.png in Resources */,
				487A75BB16B9F615008E5626 /* icon-pin.png in Resources */,
				487A75BC16B9F615008E5626 /* icon-pin@2x.png in Resources */,
				487A75BF16B9F996008E5626 /* icon-distance.png in Resources */,
				487A75C016B9F996008E5626 /* icon-distance@2x.png in Resources */,
			);
			runOnlyForDeploymentPostprocessing = 0;
		};
		DDC8463C14C163150023ACDD /* Resources */ = {
			isa = PBXResourcesBuildPhase;
			buildActionMask = 2147483647;
			files = (
				DDC8464B14C163150023ACDD /* InfoPlist.strings in Resources */,
			);
			runOnlyForDeploymentPostprocessing = 0;
		};
/* End PBXResourcesBuildPhase section */

/* Begin PBXShellScriptBuildPhase section */
		8D94CD2C6B304009BEE63040 /* Check Pods Manifest.lock */ = {
			isa = PBXShellScriptBuildPhase;
			buildActionMask = 2147483647;
			files = (
			);
			inputPaths = (
			);
			name = "Check Pods Manifest.lock";
			outputPaths = (
			);
			runOnlyForDeploymentPostprocessing = 0;
			shellPath = /bin/sh;
			shellScript = "diff \"${PODS_ROOT}/../Podfile.lock\" \"${PODS_ROOT}/Manifest.lock\" > /dev/null\nif [[ $? != 0 ]] ; then\n    cat << EOM\nerror: The sandbox is not in sync with the Podfile.lock. Run 'pod install' or update your CocoaPods installation.\nEOM\n    exit 1\nfi\n";
			showEnvVarsInLog = 0;
		};
		DDC8463D14C163150023ACDD /* ShellScript */ = {
			isa = PBXShellScriptBuildPhase;
			buildActionMask = 2147483647;
			files = (
			);
			inputPaths = (
			);
			outputPaths = (
			);
			runOnlyForDeploymentPostprocessing = 0;
			shellPath = /bin/sh;
			shellScript = "# Run the unit tests in this test bundle.\n\"${SYSTEM_DEVELOPER_DIR}/Tools/RunUnitTests\"\n";
		};
		F5BEAFB9D17448FD9EB9610E /* Copy Pods Resources */ = {
			isa = PBXShellScriptBuildPhase;
			buildActionMask = 2147483647;
			files = (
			);
			inputPaths = (
			);
			name = "Copy Pods Resources";
			outputPaths = (
			);
			runOnlyForDeploymentPostprocessing = 0;
			shellPath = /bin/sh;
			shellScript = "\"${SRCROOT}/Pods/Pods-resources.sh\"\n";
			showEnvVarsInLog = 0;
		};
/* End PBXShellScriptBuildPhase section */

/* Begin PBXSourcesBuildPhase section */
		DDC8460C14C163150023ACDD /* Sources */ = {
			isa = PBXSourcesBuildPhase;
			buildActionMask = 2147483647;
			files = (
				DDC8462114C163150023ACDD /* main.m in Sources */,
				DDC8466114C1648C0023ACDD /* ListViewController.m in Sources */,
				DDC8466214C1648C0023ACDD /* MapViewController.m in Sources */,
				DDC8466714C164E70023ACDD /* Restaurant.m in Sources */,
				DDC8466C14C165D50023ACDD /* RestaurantDataProvider.m in Sources */,
				DDC8470614C1AC8B0023ACDD /* RestaurantViewController.m in Sources */,
				DDF739B714C1CD6D0008ADEC /* RestaurantMapViewController.m in Sources */,
				487AA51014C1C1DA007C4CCF /* RestaurantCell.m in Sources */,
				DD244C5F14C202C4005019A6 /* RestaurantListHeader.m in Sources */,
				481AB03314C1ECD100C0B566 /* UIView+Extras.m in Sources */,
				DD2A538B14C2D22C00456A92 /* RestaurantDayViewController.m in Sources */,
				481A3E6A14C39A900072246D /* AppDelegate.m in Sources */,
				DDC1C8ED14C4295300D6740B /* InfoDataProvider.m in Sources */,
				DDC1C8F314C42CDB00D6740B /* Info.m in Sources */,
				DDC1C8F614C42E7900D6740B /* Bulletin.m in Sources */,
				DDC1C8FF14C484DF00D6740B /* RestaurantDetailDataProvider.m in Sources */,
				DDC1C90214C5FB0000D6740B /* MyWebViewController.m in Sources */,
				481A3E8414C9BFB60072246D /* NSDictionary+Parsing.m in Sources */,
			);
			runOnlyForDeploymentPostprocessing = 0;
		};
		DDC8463A14C163150023ACDD /* Sources */ = {
			isa = PBXSourcesBuildPhase;
			buildActionMask = 2147483647;
			files = (
				DDC8464E14C163150023ACDD /* Restaurant_DayTests.m in Sources */,
			);
			runOnlyForDeploymentPostprocessing = 0;
		};
/* End PBXSourcesBuildPhase section */

/* Begin PBXTargetDependency section */
		DDC8464514C163150023ACDD /* PBXTargetDependency */ = {
			isa = PBXTargetDependency;
			target = DDC8460F14C163150023ACDD /* RestaurantDay */;
			targetProxy = DDC8464414C163150023ACDD /* PBXContainerItemProxy */;
		};
/* End PBXTargetDependency section */

/* Begin PBXVariantGroup section */
		481A3E6114C392A10072246D /* Localizable.strings */ = {
			isa = PBXVariantGroup;
			children = (
				481A3E6014C392A10072246D /* en */,
				481A3E6214C392D40072246D /* fi */,
			);
			name = Localizable.strings;
			sourceTree = "<group>";
		};
		DDC8464914C163150023ACDD /* InfoPlist.strings */ = {
			isa = PBXVariantGroup;
			children = (
				DDC8464A14C163150023ACDD /* en */,
			);
			name = InfoPlist.strings;
			sourceTree = "<group>";
		};
/* End PBXVariantGroup section */

/* Begin XCBuildConfiguration section */
		DDC8464F14C163150023ACDD /* Debug */ = {
			isa = XCBuildConfiguration;
			buildSettings = {
				ALWAYS_SEARCH_USER_PATHS = NO;
				CLANG_ENABLE_OBJC_ARC = YES;
				CLANG_WARN_BOOL_CONVERSION = YES;
				CLANG_WARN_CONSTANT_CONVERSION = YES;
				CLANG_WARN_EMPTY_BODY = YES;
				CLANG_WARN_ENUM_CONVERSION = YES;
				CLANG_WARN_INT_CONVERSION = YES;
				CLANG_WARN__DUPLICATE_METHOD_MATCH = YES;
				CODE_SIGN_IDENTITY = "iPhone Developer";
				COPY_PHASE_STRIP = NO;
				GCC_C_LANGUAGE_STANDARD = gnu99;
				GCC_DYNAMIC_NO_PIC = NO;
				GCC_OPTIMIZATION_LEVEL = 0;
				GCC_PREPROCESSOR_DEFINITIONS = (
					"DEBUG=1",
					"$(inherited)",
				);
				GCC_SYMBOLS_PRIVATE_EXTERN = NO;
				GCC_THUMB_SUPPORT = NO;
				GCC_VERSION = com.apple.compilers.llvm.clang.1_0;
				GCC_WARN_64_TO_32_BIT_CONVERSION = YES;
				GCC_WARN_ABOUT_MISSING_PROTOTYPES = YES;
				GCC_WARN_ABOUT_RETURN_TYPE = YES;
				GCC_WARN_UNDECLARED_SELECTOR = YES;
				GCC_WARN_UNINITIALIZED_AUTOS = YES;
				GCC_WARN_UNUSED_FUNCTION = YES;
				GCC_WARN_UNUSED_VARIABLE = YES;
				IPHONEOS_DEPLOYMENT_TARGET = 6.1;
				ONLY_ACTIVE_ARCH = YES;
				PROVISIONING_PROFILE = "";
				SDKROOT = iphoneos;
			};
			name = Debug;
		};
		DDC8465014C163150023ACDD /* Release */ = {
			isa = XCBuildConfiguration;
			buildSettings = {
				ALWAYS_SEARCH_USER_PATHS = NO;
				CLANG_ENABLE_OBJC_ARC = YES;
				CLANG_WARN_BOOL_CONVERSION = YES;
				CLANG_WARN_CONSTANT_CONVERSION = YES;
				CLANG_WARN_EMPTY_BODY = YES;
				CLANG_WARN_ENUM_CONVERSION = YES;
				CLANG_WARN_INT_CONVERSION = YES;
				CLANG_WARN__DUPLICATE_METHOD_MATCH = YES;
				CODE_SIGN_IDENTITY = "iPhone Distribution";
				COPY_PHASE_STRIP = YES;
				GCC_C_LANGUAGE_STANDARD = gnu99;
				GCC_THUMB_SUPPORT = NO;
				GCC_VERSION = com.apple.compilers.llvm.clang.1_0;
				GCC_WARN_64_TO_32_BIT_CONVERSION = YES;
				GCC_WARN_ABOUT_MISSING_PROTOTYPES = YES;
				GCC_WARN_ABOUT_RETURN_TYPE = YES;
				GCC_WARN_UNDECLARED_SELECTOR = YES;
				GCC_WARN_UNINITIALIZED_AUTOS = YES;
				GCC_WARN_UNUSED_FUNCTION = YES;
				GCC_WARN_UNUSED_VARIABLE = YES;
				IPHONEOS_DEPLOYMENT_TARGET = 6.1;
				OTHER_CFLAGS = "-DNS_BLOCK_ASSERTIONS=1";
				PROVISIONING_PROFILE = "";
				SDKROOT = iphoneos;
				VALIDATE_PRODUCT = YES;
			};
			name = Release;
		};
		DDC8465214C163150023ACDD /* Debug */ = {
			isa = XCBuildConfiguration;
			baseConfigurationReference = 8ED3791D91CE40A68A898A81 /* Pods.xcconfig */;
			buildSettings = {
				GCC_PRECOMPILE_PREFIX_HEADER = YES;
				GCC_PREFIX_HEADER = "Restaurant Day/RestaurantDay-Prefix.pch";
				GCC_THUMB_SUPPORT = NO;
				INFOPLIST_FILE = "Restaurant Day/RestaurantDay-Info.plist";
				PRODUCT_NAME = RestaurantDay;
				TARGETED_DEVICE_FAMILY = "1,2";
				WRAPPER_EXTENSION = app;
			};
			name = Debug;
		};
		DDC8465314C163150023ACDD /* Release */ = {
			isa = XCBuildConfiguration;
			baseConfigurationReference = 8ED3791D91CE40A68A898A81 /* Pods.xcconfig */;
			buildSettings = {
				"COPY_PHASE_STRIP[sdk=*]" = YES;
				GCC_PRECOMPILE_PREFIX_HEADER = YES;
				GCC_PREFIX_HEADER = "Restaurant Day/RestaurantDay-Prefix.pch";
				GCC_THUMB_SUPPORT = NO;
				INFOPLIST_FILE = "Restaurant Day/RestaurantDay-Info.plist";
				PRODUCT_NAME = RestaurantDay;
				TARGETED_DEVICE_FAMILY = "1,2";
				WRAPPER_EXTENSION = app;
			};
			name = Release;
		};
		DDC8465514C163150023ACDD /* Debug */ = {
			isa = XCBuildConfiguration;
			buildSettings = {
				BUNDLE_LOADER = "$(BUILT_PRODUCTS_DIR)/Restaurant Day.app/Restaurant Day";
				FRAMEWORK_SEARCH_PATHS = (
					"$(SDKROOT)/Developer/Library/Frameworks",
					"$(DEVELOPER_LIBRARY_DIR)/Frameworks",
				);
				GCC_PRECOMPILE_PREFIX_HEADER = YES;
				GCC_PREFIX_HEADER = "Restaurant Day/RestaurantDay-Prefix.pch";
				GCC_THUMB_SUPPORT = NO;
				INFOPLIST_FILE = "Restaurant DayTests/RestaurantDayTests-Info.plist";
				PRODUCT_NAME = RestaurantDayTests;
				TEST_HOST = "$(BUNDLE_LOADER)";
				WRAPPER_EXTENSION = octest;
			};
			name = Debug;
		};
		DDC8465614C163150023ACDD /* Release */ = {
			isa = XCBuildConfiguration;
			buildSettings = {
				BUNDLE_LOADER = "$(BUILT_PRODUCTS_DIR)/Restaurant Day.app/Restaurant Day";
				FRAMEWORK_SEARCH_PATHS = (
					"$(SDKROOT)/Developer/Library/Frameworks",
					"$(DEVELOPER_LIBRARY_DIR)/Frameworks",
				);
				GCC_PRECOMPILE_PREFIX_HEADER = YES;
				GCC_PREFIX_HEADER = "Restaurant Day/RestaurantDay-Prefix.pch";
				GCC_THUMB_SUPPORT = NO;
				INFOPLIST_FILE = "Restaurant DayTests/RestaurantDayTests-Info.plist";
				PRODUCT_NAME = RestaurantDayTests;
				TEST_HOST = "$(BUNDLE_LOADER)";
				WRAPPER_EXTENSION = octest;
			};
			name = Release;
		};
/* End XCBuildConfiguration section */

/* Begin XCConfigurationList section */
		DDC8460A14C163150023ACDD /* Build configuration list for PBXProject "RestaurantDay" */ = {
			isa = XCConfigurationList;
			buildConfigurations = (
				DDC8464F14C163150023ACDD /* Debug */,
				DDC8465014C163150023ACDD /* Release */,
			);
			defaultConfigurationIsVisible = 0;
			defaultConfigurationName = Release;
		};
		DDC8465114C163150023ACDD /* Build configuration list for PBXNativeTarget "RestaurantDay" */ = {
			isa = XCConfigurationList;
			buildConfigurations = (
				DDC8465214C163150023ACDD /* Debug */,
				DDC8465314C163150023ACDD /* Release */,
			);
			defaultConfigurationIsVisible = 0;
			defaultConfigurationName = Release;
		};
		DDC8465414C163150023ACDD /* Build configuration list for PBXNativeTarget "RestaurantDayTests" */ = {
			isa = XCConfigurationList;
			buildConfigurations = (
				DDC8465514C163150023ACDD /* Debug */,
				DDC8465614C163150023ACDD /* Release */,
			);
			defaultConfigurationIsVisible = 0;
			defaultConfigurationName = Release;
		};
/* End XCConfigurationList section */
	};
	rootObject = DDC8460714C163150023ACDD /* Project object */;
}
